// !$*UTF8*$!
{
	archiveVersion = 1;
	classes = {
	};
	objectVersion = 48;
	objects = {

/* Begin PBXBuildFile section */
		702E349B2222F76100B0CA09 /* ft_printf_print_object.c in Sources */ = {isa = PBXBuildFile; fileRef = 702E349A2222F76100B0CA09 /* ft_printf_print_object.c */; };
		702E34A0222301F700B0CA09 /* ft_printf_print_part_d.c in Sources */ = {isa = PBXBuildFile; fileRef = 702E349F222301F700B0CA09 /* ft_printf_print_part_d.c */; };
		702E34A322231DEC00B0CA09 /* ft_printf_print_part_c.c in Sources */ = {isa = PBXBuildFile; fileRef = 702E34A222231DEC00B0CA09 /* ft_printf_print_part_c.c */; };
		702E34A622231F4500B0CA09 /* pf_print_nchar.c in Sources */ = {isa = PBXBuildFile; fileRef = 702E34A522231F4500B0CA09 /* pf_print_nchar.c */; };
		703D19EB2225A4B000ABD96F /* pf_choose_length_for_mod.c in Sources */ = {isa = PBXBuildFile; fileRef = 703D19EA2225A4B000ABD96F /* pf_choose_length_for_mod.c */; };
		70AC90142219C057002B0507 /* main.c in Sources */ = {isa = PBXBuildFile; fileRef = 70AC90132219C057002B0507 /* main.c */; };
		70AC90212219C125002B0507 /* ft_printf.c in Sources */ = {isa = PBXBuildFile; fileRef = 70AC90202219C125002B0507 /* ft_printf.c */; };
		70AE736F222093BA00A7685B /* pf_fsm_start_state.c in Sources */ = {isa = PBXBuildFile; fileRef = 70AE736E222093BA00A7685B /* pf_fsm_start_state.c */; };
		70AE737222209B8700A7685B /* pf_fsm_end_state.c in Sources */ = {isa = PBXBuildFile; fileRef = 70AE737122209B8700A7685B /* pf_fsm_end_state.c */; };
		70AE737522209FF100A7685B /* pf_fsm_print_char_state.c in Sources */ = {isa = PBXBuildFile; fileRef = 70AE737422209FF100A7685B /* pf_fsm_print_char_state.c */; };
		70AE73782220A9B100A7685B /* pf_fsm_error_state.c in Sources */ = {isa = PBXBuildFile; fileRef = 70AE73772220A9B100A7685B /* pf_fsm_error_state.c */; };
		70AE737B2220B6EF00A7685B /* pf_fsm_conv_state.c in Sources */ = {isa = PBXBuildFile; fileRef = 70AE737A2220B6EF00A7685B /* pf_fsm_conv_state.c */; };
		70AE737E2220BA5200A7685B /* pf_fsm_init_state.c in Sources */ = {isa = PBXBuildFile; fileRef = 70AE737D2220BA5200A7685B /* pf_fsm_init_state.c */; };
		A304F13B22511B7A0082CF3E /* pf_print_conv_d.c in Sources */ = {isa = PBXBuildFile; fileRef = A304F13922511B7A0082CF3E /* pf_print_conv_d.c */; };
		A304F145225130A10082CF3E /* libft.a in Frameworks */ = {isa = PBXBuildFile; fileRef = A304F144225130A10082CF3E /* libft.a */; };
		A32D88C42257BC35000B0CD0 /* pf_print_conv_o.c in Sources */ = {isa = PBXBuildFile; fileRef = A32D88C22257BC35000B0CD0 /* pf_print_conv_o.c */; };
		A33341DB225CFC110077DA8B /* ft_printf_print_part_b.c in Sources */ = {isa = PBXBuildFile; fileRef = A33341D9225CFC110077DA8B /* ft_printf_print_part_b.c */; };
		A35743682221AFF70095A302 /* pf_fsm_width_state.c in Sources */ = {isa = PBXBuildFile; fileRef = A35743662221AFF70095A302 /* pf_fsm_width_state.c */; };
		A357436B2221B1690095A302 /* pf_fsm_lenght_state.c in Sources */ = {isa = PBXBuildFile; fileRef = A35743692221B1690095A302 /* pf_fsm_lenght_state.c */; };
		A357436E2221B4040095A302 /* pf_fsm_precis_state.c in Sources */ = {isa = PBXBuildFile; fileRef = A357436C2221B4040095A302 /* pf_fsm_precis_state.c */; };
		A37A2F632224654100BBF42B /* pf_print_pad.c in Sources */ = {isa = PBXBuildFile; fileRef = A37A2F612224654100BBF42B /* pf_print_pad.c */; };
		A3C1FE3D22219DB100D3B399 /* pf_fsm_flags_state.c in Sources */ = {isa = PBXBuildFile; fileRef = A3C1FE3B22219DB100D3B399 /* pf_fsm_flags_state.c */; };
		A3C1FE402221A09500D3B399 /* pf_fsm_print_object_state.c in Sources */ = {isa = PBXBuildFile; fileRef = A3C1FE3E2221A09500D3B399 /* pf_fsm_print_object_state.c */; };
		A3C1FE432221A11500D3B399 /* pf_fsm_print_empty_object_state.c in Sources */ = {isa = PBXBuildFile; fileRef = A3C1FE412221A11500D3B399 /* pf_fsm_print_empty_object_state.c */; };
		A3CB00A022DCF5FF0060BB42 /* pf_print_conv_c.c in Sources */ = {isa = PBXBuildFile; fileRef = A3CB009E22DCF5FF0060BB42 /* pf_print_conv_c.c */; };
		A3D0DFA62257C7EC00750EDB /* pf_print_conv_x.c in Sources */ = {isa = PBXBuildFile; fileRef = A3D0DFA42257C7EC00750EDB /* pf_print_conv_x.c */; };
		A3ECDBF0224BC71B00396098 /* ft_printf_print_part_s.c in Sources */ = {isa = PBXBuildFile; fileRef = A3ECDBEE224BC71B00396098 /* ft_printf_print_part_s.c */; };
		A3F88A0C22D224D9001ACFEE /* pf_print_num_full_d.c in Sources */ = {isa = PBXBuildFile; fileRef = A3F88A0A22D224D9001ACFEE /* pf_print_num_full_d.c */; };
		A3F88A0F22D22523001ACFEE /* pf_print_num_full_o.c in Sources */ = {isa = PBXBuildFile; fileRef = A3F88A0D22D22523001ACFEE /* pf_print_num_full_o.c */; };
		A3F88A1222D22574001ACFEE /* pf_print_num_full_x.c in Sources */ = {isa = PBXBuildFile; fileRef = A3F88A1022D22574001ACFEE /* pf_print_num_full_x.c */; };
		A3F88A1522D225F3001ACFEE /* pf_print_num_full_b.c in Sources */ = {isa = PBXBuildFile; fileRef = A3F88A1322D225F3001ACFEE /* pf_print_num_full_b.c */; };
		A3F98FDD224FC06100AC9BEE /* ft_printf_print_part_p.c in Sources */ = {isa = PBXBuildFile; fileRef = A3F98FDB224FC06100AC9BEE /* ft_printf_print_part_p.c */; };
		A3F98FE0224FC07200AC9BEE /* ft_printf_print_part_i.c in Sources */ = {isa = PBXBuildFile; fileRef = A3F98FDE224FC07200AC9BEE /* ft_printf_print_part_i.c */; };
		A3F98FE3224FC07900AC9BEE /* ft_printf_print_part_o.c in Sources */ = {isa = PBXBuildFile; fileRef = A3F98FE1224FC07900AC9BEE /* ft_printf_print_part_o.c */; };
		A3F98FE9224FC08900AC9BEE /* ft_printf_print_part_x.c in Sources */ = {isa = PBXBuildFile; fileRef = A3F98FE7224FC08900AC9BEE /* ft_printf_print_part_x.c */; };
		A3F98FEC224FC08F00AC9BEE /* ft_printf_print_part_u.c in Sources */ = {isa = PBXBuildFile; fileRef = A3F98FEA224FC08F00AC9BEE /* ft_printf_print_part_u.c */; };
/* End PBXBuildFile section */

/* Begin PBXContainerItemProxy section */
		A304F1412251306D0082CF3E /* PBXContainerItemProxy */ = {
			isa = PBXContainerItemProxy;
			containerPortal = 70AC90082219C057002B0507 /* Project object */;
			proxyType = 1;
			remoteGlobalIDString = A304F13D2251303C0082CF3E;
			remoteInfo = libft;
		};
/* End PBXContainerItemProxy section */

/* Begin PBXCopyFilesBuildPhase section */
		70AC900E2219C057002B0507 /* CopyFiles */ = {
			isa = PBXCopyFilesBuildPhase;
			buildActionMask = 2147483647;
			dstPath = /usr/share/man/man1/;
			dstSubfolderSpec = 0;
			files = (
			);
			runOnlyForDeploymentPostprocessing = 1;
		};
/* End PBXCopyFilesBuildPhase section */

/* Begin PBXFileReference section */
		702E34992222F76100B0CA09 /* ft_printf_print_object.h */ = {isa = PBXFileReference; lastKnownFileType = sourcecode.c.h; path = ft_printf_print_object.h; sourceTree = "<group>"; };
		702E349A2222F76100B0CA09 /* ft_printf_print_object.c */ = {isa = PBXFileReference; lastKnownFileType = sourcecode.c.c; path = ft_printf_print_object.c; sourceTree = "<group>"; };
		702E349E222301F700B0CA09 /* ft_printf_print_part_d.h */ = {isa = PBXFileReference; lastKnownFileType = sourcecode.c.h; path = ft_printf_print_part_d.h; sourceTree = "<group>"; };
		702E349F222301F700B0CA09 /* ft_printf_print_part_d.c */ = {isa = PBXFileReference; lastKnownFileType = sourcecode.c.c; path = ft_printf_print_part_d.c; sourceTree = "<group>"; };
		702E34A122231DEC00B0CA09 /* ft_printf_print_part_c.h */ = {isa = PBXFileReference; lastKnownFileType = sourcecode.c.h; path = ft_printf_print_part_c.h; sourceTree = "<group>"; };
		702E34A222231DEC00B0CA09 /* ft_printf_print_part_c.c */ = {isa = PBXFileReference; lastKnownFileType = sourcecode.c.c; path = ft_printf_print_part_c.c; sourceTree = "<group>"; };
		702E34A422231F4500B0CA09 /* pf_print_nchar.h */ = {isa = PBXFileReference; lastKnownFileType = sourcecode.c.h; path = pf_print_nchar.h; sourceTree = "<group>"; };
		702E34A522231F4500B0CA09 /* pf_print_nchar.c */ = {isa = PBXFileReference; lastKnownFileType = sourcecode.c.c; path = pf_print_nchar.c; sourceTree = "<group>"; };
		703D19E92225A4B000ABD96F /* pf_choose_length_for_mod.h */ = {isa = PBXFileReference; lastKnownFileType = sourcecode.c.h; path = pf_choose_length_for_mod.h; sourceTree = "<group>"; };
		703D19EA2225A4B000ABD96F /* pf_choose_length_for_mod.c */ = {isa = PBXFileReference; lastKnownFileType = sourcecode.c.c; path = pf_choose_length_for_mod.c; sourceTree = "<group>"; };
		70AC90102219C057002B0507 /* ft_printf */ = {isa = PBXFileReference; explicitFileType = "compiled.mach-o.executable"; includeInIndex = 0; path = ft_printf; sourceTree = BUILT_PRODUCTS_DIR; };
		70AC90132219C057002B0507 /* main.c */ = {isa = PBXFileReference; lastKnownFileType = sourcecode.c.c; path = main.c; sourceTree = "<group>"; };
		70AC901F2219C125002B0507 /* ft_printf.h */ = {isa = PBXFileReference; lastKnownFileType = sourcecode.c.h; path = ft_printf.h; sourceTree = "<group>"; };
		70AC90202219C125002B0507 /* ft_printf.c */ = {isa = PBXFileReference; lastKnownFileType = sourcecode.c.c; path = ft_printf.c; sourceTree = "<group>"; };
		70AC90222219D80F002B0507 /* ft_printf_types.h */ = {isa = PBXFileReference; lastKnownFileType = sourcecode.c.h; path = ft_printf_types.h; sourceTree = "<group>"; };
		70AE736D222093BA00A7685B /* pf_fsm_start_state.h */ = {isa = PBXFileReference; lastKnownFileType = sourcecode.c.h; path = pf_fsm_start_state.h; sourceTree = "<group>"; };
		70AE736E222093BA00A7685B /* pf_fsm_start_state.c */ = {isa = PBXFileReference; lastKnownFileType = sourcecode.c.c; path = pf_fsm_start_state.c; sourceTree = "<group>"; };
		70AE737022209B8700A7685B /* pf_fsm_end_state.h */ = {isa = PBXFileReference; lastKnownFileType = sourcecode.c.h; path = pf_fsm_end_state.h; sourceTree = "<group>"; };
		70AE737122209B8700A7685B /* pf_fsm_end_state.c */ = {isa = PBXFileReference; lastKnownFileType = sourcecode.c.c; path = pf_fsm_end_state.c; sourceTree = "<group>"; };
		70AE737322209FF100A7685B /* pf_fsm_print_char_state.h */ = {isa = PBXFileReference; lastKnownFileType = sourcecode.c.h; path = pf_fsm_print_char_state.h; sourceTree = "<group>"; };
		70AE737422209FF100A7685B /* pf_fsm_print_char_state.c */ = {isa = PBXFileReference; lastKnownFileType = sourcecode.c.c; path = pf_fsm_print_char_state.c; sourceTree = "<group>"; };
		70AE73762220A9B100A7685B /* pf_fsm_error_state.h */ = {isa = PBXFileReference; lastKnownFileType = sourcecode.c.h; path = pf_fsm_error_state.h; sourceTree = "<group>"; };
		70AE73772220A9B100A7685B /* pf_fsm_error_state.c */ = {isa = PBXFileReference; lastKnownFileType = sourcecode.c.c; path = pf_fsm_error_state.c; sourceTree = "<group>"; };
		70AE73792220B6EF00A7685B /* pf_fsm_conv_state.h */ = {isa = PBXFileReference; lastKnownFileType = sourcecode.c.h; path = pf_fsm_conv_state.h; sourceTree = "<group>"; };
		70AE737A2220B6EF00A7685B /* pf_fsm_conv_state.c */ = {isa = PBXFileReference; lastKnownFileType = sourcecode.c.c; path = pf_fsm_conv_state.c; sourceTree = "<group>"; };
		70AE737C2220BA5200A7685B /* pf_fsm_init_state.h */ = {isa = PBXFileReference; lastKnownFileType = sourcecode.c.h; path = pf_fsm_init_state.h; sourceTree = "<group>"; };
		70AE737D2220BA5200A7685B /* pf_fsm_init_state.c */ = {isa = PBXFileReference; lastKnownFileType = sourcecode.c.c; path = pf_fsm_init_state.c; sourceTree = "<group>"; };
		70DA30AA2219E23100CDEDA3 /* ft_printf_private.h */ = {isa = PBXFileReference; lastKnownFileType = sourcecode.c.h; path = ft_printf_private.h; sourceTree = "<group>"; };
		70DA30B5221A074200CDEDA3 /* ft_striter.c */ = {isa = PBXFileReference; fileEncoding = 4; lastKnownFileType = sourcecode.c.c; path = ft_striter.c; sourceTree = "<group>"; };
		70DA30B6221A074200CDEDA3 /* ft_isspace.c */ = {isa = PBXFileReference; fileEncoding = 4; lastKnownFileType = sourcecode.c.c; path = ft_isspace.c; sourceTree = "<group>"; };
		70DA30B7221A074200CDEDA3 /* ft_lstmap.c */ = {isa = PBXFileReference; fileEncoding = 4; lastKnownFileType = sourcecode.c.c; path = ft_lstmap.c; sourceTree = "<group>"; };
		70DA30B8221A074200CDEDA3 /* ft_strnstr.c */ = {isa = PBXFileReference; fileEncoding = 4; lastKnownFileType = sourcecode.c.c; path = ft_strnstr.c; sourceTree = "<group>"; };
		70DA30B9221A074200CDEDA3 /* ft_striteri.c */ = {isa = PBXFileReference; fileEncoding = 4; lastKnownFileType = sourcecode.c.c; path = ft_striteri.c; sourceTree = "<group>"; };
		70DA30BA221A074200CDEDA3 /* ft_putnbr_fd.c */ = {isa = PBXFileReference; fileEncoding = 4; lastKnownFileType = sourcecode.c.c; path = ft_putnbr_fd.c; sourceTree = "<group>"; };
		70DA30BB221A074200CDEDA3 /* ft_strtrim.c */ = {isa = PBXFileReference; fileEncoding = 4; lastKnownFileType = sourcecode.c.c; path = ft_strtrim.c; sourceTree = "<group>"; };
		70DA30BC221A074200CDEDA3 /* ft_memrcpy.c */ = {isa = PBXFileReference; fileEncoding = 4; lastKnownFileType = sourcecode.c.c; path = ft_memrcpy.c; sourceTree = "<group>"; };
		70DA30BD221A074200CDEDA3 /* ft_strcat.c */ = {isa = PBXFileReference; fileEncoding = 4; lastKnownFileType = sourcecode.c.c; path = ft_strcat.c; sourceTree = "<group>"; };
		70DA30BE221A074200CDEDA3 /* ft_strcpy.c */ = {isa = PBXFileReference; fileEncoding = 4; lastKnownFileType = sourcecode.c.c; path = ft_strcpy.c; sourceTree = "<group>"; };
		70DA30BF221A074200CDEDA3 /* ft_lstiter.c */ = {isa = PBXFileReference; fileEncoding = 4; lastKnownFileType = sourcecode.c.c; path = ft_lstiter.c; sourceTree = "<group>"; };
		70DA30C0221A074200CDEDA3 /* ft_putstr.c */ = {isa = PBXFileReference; fileEncoding = 4; lastKnownFileType = sourcecode.c.c; path = ft_putstr.c; sourceTree = "<group>"; };
		70DA30C1221A074200CDEDA3 /* ft_lstfreeone.c */ = {isa = PBXFileReference; fileEncoding = 4; lastKnownFileType = sourcecode.c.c; path = ft_lstfreeone.c; sourceTree = "<group>"; };
		70DA30C2221A074200CDEDA3 /* ft_isdigit.c */ = {isa = PBXFileReference; fileEncoding = 4; lastKnownFileType = sourcecode.c.c; path = ft_isdigit.c; sourceTree = "<group>"; };
		70DA30C3221A074200CDEDA3 /* ft_memrchr.c */ = {isa = PBXFileReference; fileEncoding = 4; lastKnownFileType = sourcecode.c.c; path = ft_memrchr.c; sourceTree = "<group>"; };
		70DA30C4221A074200CDEDA3 /* ft_strncat.c */ = {isa = PBXFileReference; fileEncoding = 4; lastKnownFileType = sourcecode.c.c; path = ft_strncat.c; sourceTree = "<group>"; };
		70DA30C5221A074200CDEDA3 /* ft_lstadd.c */ = {isa = PBXFileReference; fileEncoding = 4; lastKnownFileType = sourcecode.c.c; path = ft_lstadd.c; sourceTree = "<group>"; };
		70DA30C6221A074200CDEDA3 /* ft_memccmp.c */ = {isa = PBXFileReference; fileEncoding = 4; lastKnownFileType = sourcecode.c.c; path = ft_memccmp.c; sourceTree = "<group>"; };
		70DA30C7221A074200CDEDA3 /* ft_strncpy.c */ = {isa = PBXFileReference; fileEncoding = 4; lastKnownFileType = sourcecode.c.c; path = ft_strncpy.c; sourceTree = "<group>"; };
		70DA30C8221A074200CDEDA3 /* ft_putendl.c */ = {isa = PBXFileReference; fileEncoding = 4; lastKnownFileType = sourcecode.c.c; path = ft_putendl.c; sourceTree = "<group>"; };
		70DA30C9221A074200CDEDA3 /* ft_strnew.c */ = {isa = PBXFileReference; fileEncoding = 4; lastKnownFileType = sourcecode.c.c; path = ft_strnew.c; sourceTree = "<group>"; };
		70DA30CA221A074200CDEDA3 /* ft_memalloc.c */ = {isa = PBXFileReference; fileEncoding = 4; lastKnownFileType = sourcecode.c.c; path = ft_memalloc.c; sourceTree = "<group>"; };
		70DA30CB221A074200CDEDA3 /* ft_dictadd.c */ = {isa = PBXFileReference; fileEncoding = 4; lastKnownFileType = sourcecode.c.c; path = ft_dictadd.c; sourceTree = "<group>"; };
		70DA30CC221A074200CDEDA3 /* ft_isascii.c */ = {isa = PBXFileReference; fileEncoding = 4; lastKnownFileType = sourcecode.c.c; path = ft_isascii.c; sourceTree = "<group>"; };
		70DA30CD221A074200CDEDA3 /* ft_strmap.c */ = {isa = PBXFileReference; fileEncoding = 4; lastKnownFileType = sourcecode.c.c; path = ft_strmap.c; sourceTree = "<group>"; };
		70DA30CE221A074200CDEDA3 /* ft_strsplit.c */ = {isa = PBXFileReference; fileEncoding = 4; lastKnownFileType = sourcecode.c.c; path = ft_strsplit.c; sourceTree = "<group>"; };
		70DA30CF221A074200CDEDA3 /* ft_toupper.c */ = {isa = PBXFileReference; fileEncoding = 4; lastKnownFileType = sourcecode.c.c; path = ft_toupper.c; sourceTree = "<group>"; };
		70DA30D0221A074200CDEDA3 /* ft_strchr.c */ = {isa = PBXFileReference; fileEncoding = 4; lastKnownFileType = sourcecode.c.c; path = ft_strchr.c; sourceTree = "<group>"; };
		70DA30D1221A074200CDEDA3 /* libft.h */ = {isa = PBXFileReference; fileEncoding = 4; lastKnownFileType = sourcecode.c.h; name = libft.h; path = includes/libft.h; sourceTree = "<group>"; };
		70DA30D2221A074300CDEDA3 /* ft_isalpha.c */ = {isa = PBXFileReference; fileEncoding = 4; lastKnownFileType = sourcecode.c.c; path = ft_isalpha.c; sourceTree = "<group>"; };
		70DA30D3221A074300CDEDA3 /* ft_strichr.c */ = {isa = PBXFileReference; fileEncoding = 4; lastKnownFileType = sourcecode.c.c; path = ft_strichr.c; sourceTree = "<group>"; };
		70DA30D4221A074300CDEDA3 /* ft_lstdelone.c */ = {isa = PBXFileReference; fileEncoding = 4; lastKnownFileType = sourcecode.c.c; path = ft_lstdelone.c; sourceTree = "<group>"; };
		70DA30D5221A074300CDEDA3 /* ft_isupper.c */ = {isa = PBXFileReference; fileEncoding = 4; lastKnownFileType = sourcecode.c.c; path = ft_isupper.c; sourceTree = "<group>"; };
		70DA30D6221A074300CDEDA3 /* ft_strrchr.c */ = {isa = PBXFileReference; fileEncoding = 4; lastKnownFileType = sourcecode.c.c; path = ft_strrchr.c; sourceTree = "<group>"; };
		70DA30D7221A074300CDEDA3 /* ft_memcpy.c */ = {isa = PBXFileReference; fileEncoding = 4; lastKnownFileType = sourcecode.c.c; path = ft_memcpy.c; sourceTree = "<group>"; };
		70DA30D8221A074300CDEDA3 /* ft_strlcat.c */ = {isa = PBXFileReference; fileEncoding = 4; lastKnownFileType = sourcecode.c.c; path = ft_strlcat.c; sourceTree = "<group>"; };
		70DA30D9221A074300CDEDA3 /* ft_strcmp.c */ = {isa = PBXFileReference; fileEncoding = 4; lastKnownFileType = sourcecode.c.c; path = ft_strcmp.c; sourceTree = "<group>"; };
		70DA30DA221A074300CDEDA3 /* ft_strjoin.c */ = {isa = PBXFileReference; fileEncoding = 4; lastKnownFileType = sourcecode.c.c; path = ft_strjoin.c; sourceTree = "<group>"; };
		70DA30DB221A074300CDEDA3 /* ft_strsub.c */ = {isa = PBXFileReference; fileEncoding = 4; lastKnownFileType = sourcecode.c.c; path = ft_strsub.c; sourceTree = "<group>"; };
		70DA30DC221A074300CDEDA3 /* ft_putnbr.c */ = {isa = PBXFileReference; fileEncoding = 4; lastKnownFileType = sourcecode.c.c; path = ft_putnbr.c; sourceTree = "<group>"; };
		70DA30DD221A074300CDEDA3 /* ft_memset.c */ = {isa = PBXFileReference; fileEncoding = 4; lastKnownFileType = sourcecode.c.c; path = ft_memset.c; sourceTree = "<group>"; };
		70DA30DE221A074300CDEDA3 /* Makefile */ = {isa = PBXFileReference; fileEncoding = 4; lastKnownFileType = sourcecode.make; path = Makefile; sourceTree = "<group>"; };
		70DA30DF221A074300CDEDA3 /* ft_bzero.c */ = {isa = PBXFileReference; fileEncoding = 4; lastKnownFileType = sourcecode.c.c; path = ft_bzero.c; sourceTree = "<group>"; };
		70DA30E0221A074300CDEDA3 /* ft_atoi.c */ = {isa = PBXFileReference; fileEncoding = 4; lastKnownFileType = sourcecode.c.c; path = ft_atoi.c; sourceTree = "<group>"; };
		70DA30E1221A074300CDEDA3 /* ft_memccpy.c */ = {isa = PBXFileReference; fileEncoding = 4; lastKnownFileType = sourcecode.c.c; path = ft_memccpy.c; sourceTree = "<group>"; };
		70DA30E2221A074300CDEDA3 /* ft_strequ.c */ = {isa = PBXFileReference; fileEncoding = 4; lastKnownFileType = sourcecode.c.c; path = ft_strequ.c; sourceTree = "<group>"; };
		70DA30E3221A074300CDEDA3 /* ft_dictremove.c */ = {isa = PBXFileReference; fileEncoding = 4; lastKnownFileType = sourcecode.c.c; path = ft_dictremove.c; sourceTree = "<group>"; };
		70DA30E4221A074300CDEDA3 /* ft_strstr.c */ = {isa = PBXFileReference; fileEncoding = 4; lastKnownFileType = sourcecode.c.c; path = ft_strstr.c; sourceTree = "<group>"; };
		70DA30E5221A074300CDEDA3 /* ft_putstr_fd.c */ = {isa = PBXFileReference; fileEncoding = 4; lastKnownFileType = sourcecode.c.c; path = ft_putstr_fd.c; sourceTree = "<group>"; };
		70DA30E6221A074300CDEDA3 /* ft_strdup.c */ = {isa = PBXFileReference; fileEncoding = 4; lastKnownFileType = sourcecode.c.c; path = ft_strdup.c; sourceTree = "<group>"; };
		70DA30E7221A074400CDEDA3 /* ft_strdel.c */ = {isa = PBXFileReference; fileEncoding = 4; lastKnownFileType = sourcecode.c.c; path = ft_strdel.c; sourceTree = "<group>"; };
		70DA30E8221A074400CDEDA3 /* ft_strllen.c */ = {isa = PBXFileReference; fileEncoding = 4; lastKnownFileType = sourcecode.c.c; path = ft_strllen.c; sourceTree = "<group>"; };
		70DA30E9221A074400CDEDA3 /* ft_strncmp.c */ = {isa = PBXFileReference; fileEncoding = 4; lastKnownFileType = sourcecode.c.c; path = ft_strncmp.c; sourceTree = "<group>"; };
		70DA30EA221A074400CDEDA3 /* ft_lstnew.c */ = {isa = PBXFileReference; fileEncoding = 4; lastKnownFileType = sourcecode.c.c; path = ft_lstnew.c; sourceTree = "<group>"; };
		70DA30EB221A074400CDEDA3 /* author */ = {isa = PBXFileReference; fileEncoding = 4; lastKnownFileType = text; path = author; sourceTree = "<group>"; };
		70DA30EC221A074400CDEDA3 /* ft_strndup.c */ = {isa = PBXFileReference; fileEncoding = 4; lastKnownFileType = sourcecode.c.c; path = ft_strndup.c; sourceTree = "<group>"; };
		70DA30ED221A074400CDEDA3 /* ft_strmapi.c */ = {isa = PBXFileReference; fileEncoding = 4; lastKnownFileType = sourcecode.c.c; path = ft_strmapi.c; sourceTree = "<group>"; };
		70DA30EE221A074400CDEDA3 /* ft_memchr.c */ = {isa = PBXFileReference; fileEncoding = 4; lastKnownFileType = sourcecode.c.c; path = ft_memchr.c; sourceTree = "<group>"; };
		70DA30EF221A074400CDEDA3 /* ft_isprint.c */ = {isa = PBXFileReference; fileEncoding = 4; lastKnownFileType = sourcecode.c.c; path = ft_isprint.c; sourceTree = "<group>"; };
		70DA30F0221A074400CDEDA3 /* ft_itoa.c */ = {isa = PBXFileReference; fileEncoding = 4; lastKnownFileType = sourcecode.c.c; path = ft_itoa.c; sourceTree = "<group>"; };
		70DA30F1221A074400CDEDA3 /* ft_dictfree.c */ = {isa = PBXFileReference; fileEncoding = 4; lastKnownFileType = sourcecode.c.c; path = ft_dictfree.c; sourceTree = "<group>"; };
		70DA30F2221A074400CDEDA3 /* ft_lstdel.c */ = {isa = PBXFileReference; fileEncoding = 4; lastKnownFileType = sourcecode.c.c; path = ft_lstdel.c; sourceTree = "<group>"; };
		70DA30F3221A074400CDEDA3 /* ft_dictget.c */ = {isa = PBXFileReference; fileEncoding = 4; lastKnownFileType = sourcecode.c.c; path = ft_dictget.c; sourceTree = "<group>"; };
		70DA30F4221A074400CDEDA3 /* ft_memdup.c */ = {isa = PBXFileReference; fileEncoding = 4; lastKnownFileType = sourcecode.c.c; path = ft_memdup.c; sourceTree = "<group>"; };
		70DA30F5221A074400CDEDA3 /* ft_strclen.c */ = {isa = PBXFileReference; fileEncoding = 4; lastKnownFileType = sourcecode.c.c; path = ft_strclen.c; sourceTree = "<group>"; };
		70DA30F6221A074400CDEDA3 /* ft_memmove.c */ = {isa = PBXFileReference; fileEncoding = 4; lastKnownFileType = sourcecode.c.c; path = ft_memmove.c; sourceTree = "<group>"; };
		70DA30F7221A074400CDEDA3 /* ft_dictnew.c */ = {isa = PBXFileReference; fileEncoding = 4; lastKnownFileType = sourcecode.c.c; path = ft_dictnew.c; sourceTree = "<group>"; };
		70DA30F8221A074500CDEDA3 /* ft_tolower.c */ = {isa = PBXFileReference; fileEncoding = 4; lastKnownFileType = sourcecode.c.c; path = ft_tolower.c; sourceTree = "<group>"; };
		70DA30F9221A074500CDEDA3 /* ft_strlen.c */ = {isa = PBXFileReference; fileEncoding = 4; lastKnownFileType = sourcecode.c.c; path = ft_strlen.c; sourceTree = "<group>"; };
		70DA30FA221A074500CDEDA3 /* ft_log.c */ = {isa = PBXFileReference; fileEncoding = 4; lastKnownFileType = sourcecode.c.c; path = ft_log.c; sourceTree = "<group>"; };
		70DA30FB221A074500CDEDA3 /* ft_putchar_fd.c */ = {isa = PBXFileReference; fileEncoding = 4; lastKnownFileType = sourcecode.c.c; path = ft_putchar_fd.c; sourceTree = "<group>"; };
		70DA30FC221A074500CDEDA3 /* ft_isalnum.c */ = {isa = PBXFileReference; fileEncoding = 4; lastKnownFileType = sourcecode.c.c; path = ft_isalnum.c; sourceTree = "<group>"; };
		70DA30FD221A074500CDEDA3 /* ft_putendl_fd.c */ = {isa = PBXFileReference; fileEncoding = 4; lastKnownFileType = sourcecode.c.c; path = ft_putendl_fd.c; sourceTree = "<group>"; };
		70DA30FE221A074500CDEDA3 /* ft_memcmp.c */ = {isa = PBXFileReference; fileEncoding = 4; lastKnownFileType = sourcecode.c.c; path = ft_memcmp.c; sourceTree = "<group>"; };
		70DA30FF221A074500CDEDA3 /* ft_strclr.c */ = {isa = PBXFileReference; fileEncoding = 4; lastKnownFileType = sourcecode.c.c; path = ft_strclr.c; sourceTree = "<group>"; };
		70DA3100221A074500CDEDA3 /* ft_putchar.c */ = {isa = PBXFileReference; fileEncoding = 4; lastKnownFileType = sourcecode.c.c; path = ft_putchar.c; sourceTree = "<group>"; };
		70DA3101221A074500CDEDA3 /* ft_strnequ.c */ = {isa = PBXFileReference; fileEncoding = 4; lastKnownFileType = sourcecode.c.c; path = ft_strnequ.c; sourceTree = "<group>"; };
		70DA3102221A074500CDEDA3 /* ft_strrepl.c */ = {isa = PBXFileReference; fileEncoding = 4; lastKnownFileType = sourcecode.c.c; path = ft_strrepl.c; sourceTree = "<group>"; };
		70DA3103221A074500CDEDA3 /* ft_islower.c */ = {isa = PBXFileReference; fileEncoding = 4; lastKnownFileType = sourcecode.c.c; path = ft_islower.c; sourceTree = "<group>"; };
		70DA3104221A074500CDEDA3 /* ft_memichr.c */ = {isa = PBXFileReference; fileEncoding = 4; lastKnownFileType = sourcecode.c.c; path = ft_memichr.c; sourceTree = "<group>"; };
		70DA3105221A074500CDEDA3 /* ft_memdel.c */ = {isa = PBXFileReference; fileEncoding = 4; lastKnownFileType = sourcecode.c.c; path = ft_memdel.c; sourceTree = "<group>"; };
		70DA3106221A074500CDEDA3 /* ft_strctrim.c */ = {isa = PBXFileReference; fileEncoding = 4; lastKnownFileType = sourcecode.c.c; path = ft_strctrim.c; sourceTree = "<group>"; };
		70DA3107221A074500CDEDA3 /* ft_itoa_base.c */ = {isa = PBXFileReference; fileEncoding = 4; lastKnownFileType = sourcecode.c.c; path = ft_itoa_base.c; sourceTree = "<group>"; };
		A304F13922511B7A0082CF3E /* pf_print_conv_d.c */ = {isa = PBXFileReference; fileEncoding = 4; lastKnownFileType = sourcecode.c.c; path = pf_print_conv_d.c; sourceTree = "<group>"; };
		A304F13A22511B7A0082CF3E /* pf_print_conv_d.h */ = {isa = PBXFileReference; fileEncoding = 4; lastKnownFileType = sourcecode.c.h; path = pf_print_conv_d.h; sourceTree = "<group>"; };
		A304F144225130A10082CF3E /* libft.a */ = {isa = PBXFileReference; lastKnownFileType = archive.ar; name = libft.a; path = ft_printf/Source/libft/libft.a; sourceTree = "<group>"; };
		A32D88C22257BC35000B0CD0 /* pf_print_conv_o.c */ = {isa = PBXFileReference; fileEncoding = 4; lastKnownFileType = sourcecode.c.c; path = pf_print_conv_o.c; sourceTree = "<group>"; };
		A32D88C32257BC35000B0CD0 /* pf_print_conv_o.h */ = {isa = PBXFileReference; fileEncoding = 4; lastKnownFileType = sourcecode.c.h; path = pf_print_conv_o.h; sourceTree = "<group>"; };
		A33341D9225CFC110077DA8B /* ft_printf_print_part_b.c */ = {isa = PBXFileReference; fileEncoding = 4; lastKnownFileType = sourcecode.c.c; path = ft_printf_print_part_b.c; sourceTree = "<group>"; };
		A33341DA225CFC110077DA8B /* ft_printf_print_part_b.h */ = {isa = PBXFileReference; fileEncoding = 4; lastKnownFileType = sourcecode.c.h; path = ft_printf_print_part_b.h; sourceTree = "<group>"; };
		A35743662221AFF70095A302 /* pf_fsm_width_state.c */ = {isa = PBXFileReference; fileEncoding = 4; lastKnownFileType = sourcecode.c.c; path = pf_fsm_width_state.c; sourceTree = "<group>"; };
		A35743672221AFF70095A302 /* pf_fsm_width_state.h */ = {isa = PBXFileReference; fileEncoding = 4; lastKnownFileType = sourcecode.c.h; path = pf_fsm_width_state.h; sourceTree = "<group>"; };
		A35743692221B1690095A302 /* pf_fsm_lenght_state.c */ = {isa = PBXFileReference; fileEncoding = 4; lastKnownFileType = sourcecode.c.c; path = pf_fsm_lenght_state.c; sourceTree = "<group>"; };
		A357436A2221B1690095A302 /* pf_fsm_lenght_state.h */ = {isa = PBXFileReference; fileEncoding = 4; lastKnownFileType = sourcecode.c.h; path = pf_fsm_lenght_state.h; sourceTree = "<group>"; };
		A357436C2221B4040095A302 /* pf_fsm_precis_state.c */ = {isa = PBXFileReference; fileEncoding = 4; lastKnownFileType = sourcecode.c.c; path = pf_fsm_precis_state.c; sourceTree = "<group>"; };
		A357436D2221B4040095A302 /* pf_fsm_precis_state.h */ = {isa = PBXFileReference; fileEncoding = 4; lastKnownFileType = sourcecode.c.h; path = pf_fsm_precis_state.h; sourceTree = "<group>"; };
		A37A2F612224654100BBF42B /* pf_print_pad.c */ = {isa = PBXFileReference; fileEncoding = 4; lastKnownFileType = sourcecode.c.c; path = pf_print_pad.c; sourceTree = "<group>"; };
		A37A2F622224654100BBF42B /* pf_print_pad.h */ = {isa = PBXFileReference; fileEncoding = 4; lastKnownFileType = sourcecode.c.h; path = pf_print_pad.h; sourceTree = "<group>"; };
		A3C1FE3B22219DB100D3B399 /* pf_fsm_flags_state.c */ = {isa = PBXFileReference; fileEncoding = 4; lastKnownFileType = sourcecode.c.c; path = pf_fsm_flags_state.c; sourceTree = "<group>"; };
		A3C1FE3C22219DB100D3B399 /* pf_fsm_flags_state.h */ = {isa = PBXFileReference; fileEncoding = 4; lastKnownFileType = sourcecode.c.h; path = pf_fsm_flags_state.h; sourceTree = "<group>"; };
		A3C1FE3E2221A09500D3B399 /* pf_fsm_print_object_state.c */ = {isa = PBXFileReference; fileEncoding = 4; lastKnownFileType = sourcecode.c.c; path = pf_fsm_print_object_state.c; sourceTree = "<group>"; };
		A3C1FE3F2221A09500D3B399 /* pf_fsm_print_object_state.h */ = {isa = PBXFileReference; fileEncoding = 4; lastKnownFileType = sourcecode.c.h; path = pf_fsm_print_object_state.h; sourceTree = "<group>"; };
		A3C1FE412221A11500D3B399 /* pf_fsm_print_empty_object_state.c */ = {isa = PBXFileReference; fileEncoding = 4; lastKnownFileType = sourcecode.c.c; path = pf_fsm_print_empty_object_state.c; sourceTree = "<group>"; };
		A3C1FE422221A11500D3B399 /* pf_fsm_print_empty_object_state.h */ = {isa = PBXFileReference; fileEncoding = 4; lastKnownFileType = sourcecode.c.h; path = pf_fsm_print_empty_object_state.h; sourceTree = "<group>"; };
		A3CB009E22DCF5FF0060BB42 /* pf_print_conv_c.c */ = {isa = PBXFileReference; fileEncoding = 4; lastKnownFileType = sourcecode.c.c; path = pf_print_conv_c.c; sourceTree = "<group>"; };
		A3CB009F22DCF5FF0060BB42 /* pf_print_conv_c.h */ = {isa = PBXFileReference; fileEncoding = 4; lastKnownFileType = sourcecode.c.h; path = pf_print_conv_c.h; sourceTree = "<group>"; };
		A3D0DFA42257C7EC00750EDB /* pf_print_conv_x.c */ = {isa = PBXFileReference; fileEncoding = 4; lastKnownFileType = sourcecode.c.c; path = pf_print_conv_x.c; sourceTree = "<group>"; };
		A3D0DFA52257C7EC00750EDB /* pf_print_conv_x.h */ = {isa = PBXFileReference; fileEncoding = 4; lastKnownFileType = sourcecode.c.h; path = pf_print_conv_x.h; sourceTree = "<group>"; };
		A3ECDBEE224BC71B00396098 /* ft_printf_print_part_s.c */ = {isa = PBXFileReference; fileEncoding = 4; lastKnownFileType = sourcecode.c.c; path = ft_printf_print_part_s.c; sourceTree = "<group>"; };
		A3ECDBEF224BC71B00396098 /* ft_printf_print_part_s.h */ = {isa = PBXFileReference; fileEncoding = 4; lastKnownFileType = sourcecode.c.h; path = ft_printf_print_part_s.h; sourceTree = "<group>"; };
		A3F88A0A22D224D9001ACFEE /* pf_print_num_full_d.c */ = {isa = PBXFileReference; fileEncoding = 4; lastKnownFileType = sourcecode.c.c; path = pf_print_num_full_d.c; sourceTree = "<group>"; };
		A3F88A0B22D224D9001ACFEE /* pf_print_num_full_d.h */ = {isa = PBXFileReference; fileEncoding = 4; lastKnownFileType = sourcecode.c.h; path = pf_print_num_full_d.h; sourceTree = "<group>"; };
		A3F88A0D22D22523001ACFEE /* pf_print_num_full_o.c */ = {isa = PBXFileReference; fileEncoding = 4; lastKnownFileType = sourcecode.c.c; path = pf_print_num_full_o.c; sourceTree = "<group>"; };
		A3F88A0E22D22523001ACFEE /* pf_print_num_full_o.h */ = {isa = PBXFileReference; fileEncoding = 4; lastKnownFileType = sourcecode.c.h; path = pf_print_num_full_o.h; sourceTree = "<group>"; };
		A3F88A1022D22574001ACFEE /* pf_print_num_full_x.c */ = {isa = PBXFileReference; fileEncoding = 4; lastKnownFileType = sourcecode.c.c; path = pf_print_num_full_x.c; sourceTree = "<group>"; };
		A3F88A1122D22574001ACFEE /* pf_print_num_full_x.h */ = {isa = PBXFileReference; fileEncoding = 4; lastKnownFileType = sourcecode.c.h; path = pf_print_num_full_x.h; sourceTree = "<group>"; };
		A3F88A1322D225F3001ACFEE /* pf_print_num_full_b.c */ = {isa = PBXFileReference; fileEncoding = 4; lastKnownFileType = sourcecode.c.c; path = pf_print_num_full_b.c; sourceTree = "<group>"; };
		A3F88A1422D225F3001ACFEE /* pf_print_num_full_b.h */ = {isa = PBXFileReference; fileEncoding = 4; lastKnownFileType = sourcecode.c.h; path = pf_print_num_full_b.h; sourceTree = "<group>"; };
		A3F98FDB224FC06100AC9BEE /* ft_printf_print_part_p.c */ = {isa = PBXFileReference; fileEncoding = 4; lastKnownFileType = sourcecode.c.c; path = ft_printf_print_part_p.c; sourceTree = "<group>"; };
		A3F98FDC224FC06100AC9BEE /* ft_printf_print_part_p.h */ = {isa = PBXFileReference; fileEncoding = 4; lastKnownFileType = sourcecode.c.h; path = ft_printf_print_part_p.h; sourceTree = "<group>"; };
		A3F98FDE224FC07200AC9BEE /* ft_printf_print_part_i.c */ = {isa = PBXFileReference; fileEncoding = 4; lastKnownFileType = sourcecode.c.c; path = ft_printf_print_part_i.c; sourceTree = "<group>"; };
		A3F98FDF224FC07200AC9BEE /* ft_printf_print_part_i.h */ = {isa = PBXFileReference; fileEncoding = 4; lastKnownFileType = sourcecode.c.h; path = ft_printf_print_part_i.h; sourceTree = "<group>"; };
		A3F98FE1224FC07900AC9BEE /* ft_printf_print_part_o.c */ = {isa = PBXFileReference; fileEncoding = 4; lastKnownFileType = sourcecode.c.c; path = ft_printf_print_part_o.c; sourceTree = "<group>"; };
		A3F98FE2224FC07900AC9BEE /* ft_printf_print_part_o.h */ = {isa = PBXFileReference; fileEncoding = 4; lastKnownFileType = sourcecode.c.h; path = ft_printf_print_part_o.h; sourceTree = "<group>"; };
		A3F98FE7224FC08900AC9BEE /* ft_printf_print_part_x.c */ = {isa = PBXFileReference; fileEncoding = 4; lastKnownFileType = sourcecode.c.c; path = ft_printf_print_part_x.c; sourceTree = "<group>"; };
		A3F98FE8224FC08900AC9BEE /* ft_printf_print_part_x.h */ = {isa = PBXFileReference; fileEncoding = 4; lastKnownFileType = sourcecode.c.h; path = ft_printf_print_part_x.h; sourceTree = "<group>"; };
		A3F98FEA224FC08F00AC9BEE /* ft_printf_print_part_u.c */ = {isa = PBXFileReference; fileEncoding = 4; lastKnownFileType = sourcecode.c.c; path = ft_printf_print_part_u.c; sourceTree = "<group>"; };
		A3F98FEB224FC08F00AC9BEE /* ft_printf_print_part_u.h */ = {isa = PBXFileReference; fileEncoding = 4; lastKnownFileType = sourcecode.c.h; path = ft_printf_print_part_u.h; sourceTree = "<group>"; };
/* End PBXFileReference section */

/* Begin PBXFrameworksBuildPhase section */
		70AC900D2219C057002B0507 /* Frameworks */ = {
			isa = PBXFrameworksBuildPhase;
			buildActionMask = 2147483647;
			files = (
				A304F145225130A10082CF3E /* libft.a in Frameworks */,
			);
			runOnlyForDeploymentPostprocessing = 0;
		};
/* End PBXFrameworksBuildPhase section */

/* Begin PBXGroup section */
		702E349D2223003800B0CA09 /* object printing */ = {
			isa = PBXGroup;
			children = (
				702E34A722231F4E00B0CA09 /* extra */,
				A304F13C22511B890082CF3E /* print_conv_str */,
				702E34992222F76100B0CA09 /* ft_printf_print_object.h */,
				702E349A2222F76100B0CA09 /* ft_printf_print_object.c */,
				702E34A122231DEC00B0CA09 /* ft_printf_print_part_c.h */,
				702E34A222231DEC00B0CA09 /* ft_printf_print_part_c.c */,
				A3ECDBEF224BC71B00396098 /* ft_printf_print_part_s.h */,
				A3ECDBEE224BC71B00396098 /* ft_printf_print_part_s.c */,
				A3F98FDC224FC06100AC9BEE /* ft_printf_print_part_p.h */,
				A3F98FDB224FC06100AC9BEE /* ft_printf_print_part_p.c */,
				702E349E222301F700B0CA09 /* ft_printf_print_part_d.h */,
				702E349F222301F700B0CA09 /* ft_printf_print_part_d.c */,
				A3F98FDF224FC07200AC9BEE /* ft_printf_print_part_i.h */,
				A3F98FDE224FC07200AC9BEE /* ft_printf_print_part_i.c */,
				A3F98FE2224FC07900AC9BEE /* ft_printf_print_part_o.h */,
				A3F98FE1224FC07900AC9BEE /* ft_printf_print_part_o.c */,
				A3F98FEB224FC08F00AC9BEE /* ft_printf_print_part_u.h */,
				A3F98FEA224FC08F00AC9BEE /* ft_printf_print_part_u.c */,
				A3F98FE8224FC08900AC9BEE /* ft_printf_print_part_x.h */,
				A3F98FE7224FC08900AC9BEE /* ft_printf_print_part_x.c */,
				A33341DA225CFC110077DA8B /* ft_printf_print_part_b.h */,
				A33341D9225CFC110077DA8B /* ft_printf_print_part_b.c */,
			);
			name = "object printing";
			sourceTree = "<group>";
		};
		702E34A722231F4E00B0CA09 /* extra */ = {
			isa = PBXGroup;
			children = (
				702E34A422231F4500B0CA09 /* pf_print_nchar.h */,
				702E34A522231F4500B0CA09 /* pf_print_nchar.c */,
				A37A2F622224654100BBF42B /* pf_print_pad.h */,
				A37A2F612224654100BBF42B /* pf_print_pad.c */,
				A3F88A0922D22458001ACFEE /* print_num_full */,
			);
			name = extra;
			sourceTree = "<group>";
		};
		703D19E82225993A00ABD96F /* part completion */ = {
			isa = PBXGroup;
			children = (
				703D19E92225A4B000ABD96F /* pf_choose_length_for_mod.h */,
				703D19EA2225A4B000ABD96F /* pf_choose_length_for_mod.c */,
			);
			name = "part completion";
			sourceTree = "<group>";
		};
		70AC90072219C057002B0507 = {
			isa = PBXGroup;
			children = (
				70AC90122219C057002B0507 /* ft_printf */,
				70AC90112219C057002B0507 /* Products */,
				A304F143225130A10082CF3E /* Frameworks */,
			);
			sourceTree = "<group>";
		};
		70AC90112219C057002B0507 /* Products */ = {
			isa = PBXGroup;
			children = (
				70AC90102219C057002B0507 /* ft_printf */,
			);
			name = Products;
			sourceTree = "<group>";
		};
		70AC90122219C057002B0507 /* ft_printf */ = {
			isa = PBXGroup;
			children = (
				70AC90132219C057002B0507 /* main.c */,
				70AC901E2219C117002B0507 /* Source */,
			);
			path = ft_printf;
			sourceTree = "<group>";
		};
		70AC901E2219C117002B0507 /* Source */ = {
			isa = PBXGroup;
			children = (
				70DA30B4221A072400CDEDA3 /* libft */,
				70AE736C2220932A00A7685B /* FSM */,
				70AC90222219D80F002B0507 /* ft_printf_types.h */,
				70DA30AA2219E23100CDEDA3 /* ft_printf_private.h */,
				70AC901F2219C125002B0507 /* ft_printf.h */,
				70AC90202219C125002B0507 /* ft_printf.c */,
				703D19E82225993A00ABD96F /* part completion */,
				702E349D2223003800B0CA09 /* object printing */,
			);
			path = Source;
			sourceTree = "<group>";
		};
		70AE736C2220932A00A7685B /* FSM */ = {
			isa = PBXGroup;
			children = (
				70AE736D222093BA00A7685B /* pf_fsm_start_state.h */,
				70AE736E222093BA00A7685B /* pf_fsm_start_state.c */,
				70AE737322209FF100A7685B /* pf_fsm_print_char_state.h */,
				70AE737422209FF100A7685B /* pf_fsm_print_char_state.c */,
				70AE73792220B6EF00A7685B /* pf_fsm_conv_state.h */,
				70AE737A2220B6EF00A7685B /* pf_fsm_conv_state.c */,
				70AE737C2220BA5200A7685B /* pf_fsm_init_state.h */,
				70AE737D2220BA5200A7685B /* pf_fsm_init_state.c */,
				A3C1FE3C22219DB100D3B399 /* pf_fsm_flags_state.h */,
				A3C1FE3B22219DB100D3B399 /* pf_fsm_flags_state.c */,
				A3C1FE3F2221A09500D3B399 /* pf_fsm_print_object_state.h */,
				A3C1FE3E2221A09500D3B399 /* pf_fsm_print_object_state.c */,
				A3C1FE422221A11500D3B399 /* pf_fsm_print_empty_object_state.h */,
				A3C1FE412221A11500D3B399 /* pf_fsm_print_empty_object_state.c */,
				A357436D2221B4040095A302 /* pf_fsm_precis_state.h */,
				A357436C2221B4040095A302 /* pf_fsm_precis_state.c */,
				A35743672221AFF70095A302 /* pf_fsm_width_state.h */,
				A35743662221AFF70095A302 /* pf_fsm_width_state.c */,
				A357436A2221B1690095A302 /* pf_fsm_lenght_state.h */,
				A35743692221B1690095A302 /* pf_fsm_lenght_state.c */,
				70AE737022209B8700A7685B /* pf_fsm_end_state.h */,
				70AE737122209B8700A7685B /* pf_fsm_end_state.c */,
				70AE73762220A9B100A7685B /* pf_fsm_error_state.h */,
				70AE73772220A9B100A7685B /* pf_fsm_error_state.c */,
			);
			name = FSM;
			sourceTree = "<group>";
		};
		70DA30B4221A072400CDEDA3 /* libft */ = {
			isa = PBXGroup;
			children = (
				70DA30EB221A074400CDEDA3 /* author */,
				70DA30E0221A074300CDEDA3 /* ft_atoi.c */,
				70DA30DF221A074300CDEDA3 /* ft_bzero.c */,
				70DA30CB221A074200CDEDA3 /* ft_dictadd.c */,
				70DA30F1221A074400CDEDA3 /* ft_dictfree.c */,
				70DA30F3221A074400CDEDA3 /* ft_dictget.c */,
				70DA30F7221A074400CDEDA3 /* ft_dictnew.c */,
				70DA30E3221A074300CDEDA3 /* ft_dictremove.c */,
				70DA30FC221A074500CDEDA3 /* ft_isalnum.c */,
				70DA30D2221A074300CDEDA3 /* ft_isalpha.c */,
				70DA30CC221A074200CDEDA3 /* ft_isascii.c */,
				70DA30C2221A074200CDEDA3 /* ft_isdigit.c */,
				70DA3103221A074500CDEDA3 /* ft_islower.c */,
				70DA30EF221A074400CDEDA3 /* ft_isprint.c */,
				70DA30B6221A074200CDEDA3 /* ft_isspace.c */,
				70DA30D5221A074300CDEDA3 /* ft_isupper.c */,
				70DA3107221A074500CDEDA3 /* ft_itoa_base.c */,
				70DA30F0221A074400CDEDA3 /* ft_itoa.c */,
				70DA30FA221A074500CDEDA3 /* ft_log.c */,
				70DA30C5221A074200CDEDA3 /* ft_lstadd.c */,
				70DA30F2221A074400CDEDA3 /* ft_lstdel.c */,
				70DA30D4221A074300CDEDA3 /* ft_lstdelone.c */,
				70DA30C1221A074200CDEDA3 /* ft_lstfreeone.c */,
				70DA30BF221A074200CDEDA3 /* ft_lstiter.c */,
				70DA30B7221A074200CDEDA3 /* ft_lstmap.c */,
				70DA30EA221A074400CDEDA3 /* ft_lstnew.c */,
				70DA30CA221A074200CDEDA3 /* ft_memalloc.c */,
				70DA30C6221A074200CDEDA3 /* ft_memccmp.c */,
				70DA30E1221A074300CDEDA3 /* ft_memccpy.c */,
				70DA30EE221A074400CDEDA3 /* ft_memchr.c */,
				70DA30FE221A074500CDEDA3 /* ft_memcmp.c */,
				70DA30D7221A074300CDEDA3 /* ft_memcpy.c */,
				70DA3105221A074500CDEDA3 /* ft_memdel.c */,
				70DA30F4221A074400CDEDA3 /* ft_memdup.c */,
				70DA3104221A074500CDEDA3 /* ft_memichr.c */,
				70DA30F6221A074400CDEDA3 /* ft_memmove.c */,
				70DA30C3221A074200CDEDA3 /* ft_memrchr.c */,
				70DA30BC221A074200CDEDA3 /* ft_memrcpy.c */,
				70DA30DD221A074300CDEDA3 /* ft_memset.c */,
				70DA30FB221A074500CDEDA3 /* ft_putchar_fd.c */,
				70DA3100221A074500CDEDA3 /* ft_putchar.c */,
				70DA30FD221A074500CDEDA3 /* ft_putendl_fd.c */,
				70DA30C8221A074200CDEDA3 /* ft_putendl.c */,
				70DA30BA221A074200CDEDA3 /* ft_putnbr_fd.c */,
				70DA30DC221A074300CDEDA3 /* ft_putnbr.c */,
				70DA30E5221A074300CDEDA3 /* ft_putstr_fd.c */,
				70DA30C0221A074200CDEDA3 /* ft_putstr.c */,
				70DA30BD221A074200CDEDA3 /* ft_strcat.c */,
				70DA30D0221A074200CDEDA3 /* ft_strchr.c */,
				70DA30F5221A074400CDEDA3 /* ft_strclen.c */,
				70DA30FF221A074500CDEDA3 /* ft_strclr.c */,
				70DA30D9221A074300CDEDA3 /* ft_strcmp.c */,
				70DA30BE221A074200CDEDA3 /* ft_strcpy.c */,
				70DA3106221A074500CDEDA3 /* ft_strctrim.c */,
				70DA30E7221A074400CDEDA3 /* ft_strdel.c */,
				70DA30E6221A074300CDEDA3 /* ft_strdup.c */,
				70DA30E2221A074300CDEDA3 /* ft_strequ.c */,
				70DA30D3221A074300CDEDA3 /* ft_strichr.c */,
				70DA30B5221A074200CDEDA3 /* ft_striter.c */,
				70DA30B9221A074200CDEDA3 /* ft_striteri.c */,
				70DA30DA221A074300CDEDA3 /* ft_strjoin.c */,
				70DA30D8221A074300CDEDA3 /* ft_strlcat.c */,
				70DA30F9221A074500CDEDA3 /* ft_strlen.c */,
				70DA30E8221A074400CDEDA3 /* ft_strllen.c */,
				70DA30CD221A074200CDEDA3 /* ft_strmap.c */,
				70DA30ED221A074400CDEDA3 /* ft_strmapi.c */,
				70DA30C4221A074200CDEDA3 /* ft_strncat.c */,
				70DA30E9221A074400CDEDA3 /* ft_strncmp.c */,
				70DA30C7221A074200CDEDA3 /* ft_strncpy.c */,
				70DA30EC221A074400CDEDA3 /* ft_strndup.c */,
				70DA3101221A074500CDEDA3 /* ft_strnequ.c */,
				70DA30C9221A074200CDEDA3 /* ft_strnew.c */,
				70DA30B8221A074200CDEDA3 /* ft_strnstr.c */,
				70DA30D6221A074300CDEDA3 /* ft_strrchr.c */,
				70DA3102221A074500CDEDA3 /* ft_strrepl.c */,
				70DA30CE221A074200CDEDA3 /* ft_strsplit.c */,
				70DA30E4221A074300CDEDA3 /* ft_strstr.c */,
				70DA30DB221A074300CDEDA3 /* ft_strsub.c */,
				70DA30BB221A074200CDEDA3 /* ft_strtrim.c */,
				70DA30F8221A074500CDEDA3 /* ft_tolower.c */,
				70DA30CF221A074200CDEDA3 /* ft_toupper.c */,
				70DA30D1221A074200CDEDA3 /* libft.h */,
				70DA30DE221A074300CDEDA3 /* Makefile */,
			);
			path = libft;
			sourceTree = "<group>";
		};
		A304F13C22511B890082CF3E /* print_conv_str */ = {
			isa = PBXGroup;
			children = (
				A304F13A22511B7A0082CF3E /* pf_print_conv_d.h */,
				A304F13922511B7A0082CF3E /* pf_print_conv_d.c */,
				A32D88C32257BC35000B0CD0 /* pf_print_conv_o.h */,
				A32D88C22257BC35000B0CD0 /* pf_print_conv_o.c */,
				A3D0DFA52257C7EC00750EDB /* pf_print_conv_x.h */,
				A3D0DFA42257C7EC00750EDB /* pf_print_conv_x.c */,
				A3CB009F22DCF5FF0060BB42 /* pf_print_conv_c.h */,
				A3CB009E22DCF5FF0060BB42 /* pf_print_conv_c.c */,
			);
			name = print_conv_str;
			sourceTree = "<group>";
		};
		A304F143225130A10082CF3E /* Frameworks */ = {
			isa = PBXGroup;
			children = (
				A304F144225130A10082CF3E /* libft.a */,
			);
			name = Frameworks;
			sourceTree = "<group>";
		};
		A3F88A0922D22458001ACFEE /* print_num_full */ = {
			isa = PBXGroup;
			children = (
				A3F88A0B22D224D9001ACFEE /* pf_print_num_full_d.h */,
				A3F88A0A22D224D9001ACFEE /* pf_print_num_full_d.c */,
				A3F88A0E22D22523001ACFEE /* pf_print_num_full_o.h */,
				A3F88A0D22D22523001ACFEE /* pf_print_num_full_o.c */,
				A3F88A1122D22574001ACFEE /* pf_print_num_full_x.h */,
				A3F88A1022D22574001ACFEE /* pf_print_num_full_x.c */,
				A3F88A1422D225F3001ACFEE /* pf_print_num_full_b.h */,
				A3F88A1322D225F3001ACFEE /* pf_print_num_full_b.c */,
			);
			name = print_num_full;
			sourceTree = "<group>";
		};
/* End PBXGroup section */

/* Begin PBXLegacyTarget section */
		A304F13D2251303C0082CF3E /* libft */ = {
			isa = PBXLegacyTarget;
			buildArgumentsString = "all clean";
			buildConfigurationList = A304F13E2251303C0082CF3E /* Build configuration list for PBXLegacyTarget "libft" */;
			buildPhases = (
			);
			buildToolPath = /usr/bin/make;
			buildWorkingDirectory = "$(SRCROOT)/ft_printf/Source/libft";
			dependencies = (
			);
			name = libft;
			passBuildSettingsInEnvironment = 1;
			productName = libft;
		};
/* End PBXLegacyTarget section */

/* Begin PBXNativeTarget section */
		70AC900F2219C057002B0507 /* ft_printf */ = {
			isa = PBXNativeTarget;
			buildConfigurationList = 70AC90172219C057002B0507 /* Build configuration list for PBXNativeTarget "ft_printf" */;
			buildPhases = (
				70AC900C2219C057002B0507 /* Sources */,
				70AC900D2219C057002B0507 /* Frameworks */,
				70AC900E2219C057002B0507 /* CopyFiles */,
				A3DA789A2229843C009DFAF6 /* ShellScript */,
			);
			buildRules = (
			);
			dependencies = (
				A304F1422251306D0082CF3E /* PBXTargetDependency */,
			);
			name = ft_printf;
			productName = ft_printf;
			productReference = 70AC90102219C057002B0507 /* ft_printf */;
			productType = "com.apple.product-type.tool";
		};
/* End PBXNativeTarget section */

/* Begin PBXProject section */
		70AC90082219C057002B0507 /* Project object */ = {
			isa = PBXProject;
			attributes = {
				LastUpgradeCheck = 1010;
				ORGANIZATIONNAME = "Floris Fredrikze";
				TargetAttributes = {
					70AC900F2219C057002B0507 = {
						CreatedOnToolsVersion = 10.1;
						ProvisioningStyle = Automatic;
					};
					A304F13D2251303C0082CF3E = {
						CreatedOnToolsVersion = 8.3.3;
						ProvisioningStyle = Automatic;
					};
				};
			};
			buildConfigurationList = 70AC900B2219C057002B0507 /* Build configuration list for PBXProject "ft_printf" */;
			compatibilityVersion = "Xcode 8.0";
			developmentRegion = en;
			hasScannedForEncodings = 0;
			knownRegions = (
				en,
			);
			mainGroup = 70AC90072219C057002B0507;
			productRefGroup = 70AC90112219C057002B0507 /* Products */;
			projectDirPath = "";
			projectRoot = "";
			targets = (
				70AC900F2219C057002B0507 /* ft_printf */,
				A304F13D2251303C0082CF3E /* libft */,
			);
		};
/* End PBXProject section */

/* Begin PBXShellScriptBuildPhase section */
		A3DA789A2229843C009DFAF6 /* ShellScript */ = {
			isa = PBXShellScriptBuildPhase;
			buildActionMask = 2147483647;
			files = (
			);
			inputPaths = (
			);
			outputPaths = (
			);
			runOnlyForDeploymentPostprocessing = 0;
			shellPath = "/usr/bin/env sh";
			shellScript = "# sh /Users/ffredrik/Documents/norm.sh $SRCROOT\n# sh /Users/ffredrik/Documents/header.sh $SRCROOT\n";
		};
/* End PBXShellScriptBuildPhase section */

/* Begin PBXSourcesBuildPhase section */
		70AC900C2219C057002B0507 /* Sources */ = {
			isa = PBXSourcesBuildPhase;
			buildActionMask = 2147483647;
			files = (
				A32D88C42257BC35000B0CD0 /* pf_print_conv_o.c in Sources */,
				70AC90212219C125002B0507 /* ft_printf.c in Sources */,
				70AC90142219C057002B0507 /* main.c in Sources */,
				A3F98FE0224FC07200AC9BEE /* ft_printf_print_part_i.c in Sources */,
				A304F13B22511B7A0082CF3E /* pf_print_conv_d.c in Sources */,
				A3F98FE9224FC08900AC9BEE /* ft_printf_print_part_x.c in Sources */,
				A357436B2221B1690095A302 /* pf_fsm_lenght_state.c in Sources */,
				A3C1FE432221A11500D3B399 /* pf_fsm_print_empty_object_state.c in Sources */,
				A3D0DFA62257C7EC00750EDB /* pf_print_conv_x.c in Sources */,
				A3F98FEC224FC08F00AC9BEE /* ft_printf_print_part_u.c in Sources */,
				A33341DB225CFC110077DA8B /* ft_printf_print_part_b.c in Sources */,
				703D19EB2225A4B000ABD96F /* pf_choose_length_for_mod.c in Sources */,
				A37A2F632224654100BBF42B /* pf_print_pad.c in Sources */,
				70AE73782220A9B100A7685B /* pf_fsm_error_state.c in Sources */,
				702E34A0222301F700B0CA09 /* ft_printf_print_part_d.c in Sources */,
				70AE737E2220BA5200A7685B /* pf_fsm_init_state.c in Sources */,
				A3ECDBF0224BC71B00396098 /* ft_printf_print_part_s.c in Sources */,
				A357436E2221B4040095A302 /* pf_fsm_precis_state.c in Sources */,
				702E34A322231DEC00B0CA09 /* ft_printf_print_part_c.c in Sources */,
				702E34A622231F4500B0CA09 /* pf_print_nchar.c in Sources */,
				A3F98FDD224FC06100AC9BEE /* ft_printf_print_part_p.c in Sources */,
				70AE736F222093BA00A7685B /* pf_fsm_start_state.c in Sources */,
				A35743682221AFF70095A302 /* pf_fsm_width_state.c in Sources */,
				A3C1FE3D22219DB100D3B399 /* pf_fsm_flags_state.c in Sources */,
				A3F88A0C22D224D9001ACFEE /* pf_print_num_full_d.c in Sources */,
				A3F88A1522D225F3001ACFEE /* pf_print_num_full_b.c in Sources */,
				A3CB00A022DCF5FF0060BB42 /* pf_print_conv_c.c in Sources */,
				A3F88A1222D22574001ACFEE /* pf_print_num_full_x.c in Sources */,
				70AE737222209B8700A7685B /* pf_fsm_end_state.c in Sources */,
				702E349B2222F76100B0CA09 /* ft_printf_print_object.c in Sources */,
				70AE737B2220B6EF00A7685B /* pf_fsm_conv_state.c in Sources */,
				A3F88A0F22D22523001ACFEE /* pf_print_num_full_o.c in Sources */,
				A3C1FE402221A09500D3B399 /* pf_fsm_print_object_state.c in Sources */,
				70AE737522209FF100A7685B /* pf_fsm_print_char_state.c in Sources */,
				A3F98FE3224FC07900AC9BEE /* ft_printf_print_part_o.c in Sources */,
			);
			runOnlyForDeploymentPostprocessing = 0;
		};
/* End PBXSourcesBuildPhase section */

/* Begin PBXTargetDependency section */
		A304F1422251306D0082CF3E /* PBXTargetDependency */ = {
			isa = PBXTargetDependency;
			target = A304F13D2251303C0082CF3E /* libft */;
			targetProxy = A304F1412251306D0082CF3E /* PBXContainerItemProxy */;
		};
/* End PBXTargetDependency section */

/* Begin XCBuildConfiguration section */
		70AC90152219C057002B0507 /* Debug */ = {
			isa = XCBuildConfiguration;
			buildSettings = {
				ALWAYS_SEARCH_USER_PATHS = NO;
				CLANG_ANALYZER_NONNULL = YES;
				CLANG_ANALYZER_NUMBER_OBJECT_CONVERSION = YES_AGGRESSIVE;
				CLANG_CXX_LANGUAGE_STANDARD = "gnu++14";
				CLANG_CXX_LIBRARY = "libc++";
				CLANG_ENABLE_MODULES = YES;
				CLANG_ENABLE_OBJC_ARC = YES;
				CLANG_ENABLE_OBJC_WEAK = YES;
				CLANG_WARN_BLOCK_CAPTURE_AUTORELEASING = YES;
				CLANG_WARN_BOOL_CONVERSION = YES;
				CLANG_WARN_COMMA = YES;
				CLANG_WARN_CONSTANT_CONVERSION = YES;
				CLANG_WARN_DEPRECATED_OBJC_IMPLEMENTATIONS = YES;
				CLANG_WARN_DIRECT_OBJC_ISA_USAGE = YES_ERROR;
				CLANG_WARN_DOCUMENTATION_COMMENTS = YES;
				CLANG_WARN_EMPTY_BODY = YES;
				CLANG_WARN_ENUM_CONVERSION = YES;
				CLANG_WARN_INFINITE_RECURSION = YES;
				CLANG_WARN_INT_CONVERSION = YES;
				CLANG_WARN_NON_LITERAL_NULL_CONVERSION = YES;
				CLANG_WARN_OBJC_IMPLICIT_RETAIN_SELF = YES;
				CLANG_WARN_OBJC_LITERAL_CONVERSION = YES;
				CLANG_WARN_OBJC_ROOT_CLASS = YES_ERROR;
				CLANG_WARN_RANGE_LOOP_ANALYSIS = YES;
				CLANG_WARN_STRICT_PROTOTYPES = YES;
				CLANG_WARN_SUSPICIOUS_MOVE = YES;
				CLANG_WARN_UNGUARDED_AVAILABILITY = YES_AGGRESSIVE;
				CLANG_WARN_UNREACHABLE_CODE = YES;
				CLANG_WARN__DUPLICATE_METHOD_MATCH = YES;
				CODE_SIGN_IDENTITY = "-";
				COPY_PHASE_STRIP = NO;
				DEBUG_INFORMATION_FORMAT = dwarf;
				ENABLE_STRICT_OBJC_MSGSEND = YES;
				ENABLE_TESTABILITY = YES;
				GCC_C_LANGUAGE_STANDARD = gnu11;
				GCC_DYNAMIC_NO_PIC = NO;
				GCC_NO_COMMON_BLOCKS = YES;
				GCC_OPTIMIZATION_LEVEL = 0;
				GCC_PREPROCESSOR_DEFINITIONS = (
					"DEBUG=1",
					"$(inherited)",
				);
				GCC_WARN_64_TO_32_BIT_CONVERSION = YES;
				GCC_WARN_ABOUT_RETURN_TYPE = YES_ERROR;
				GCC_WARN_UNDECLARED_SELECTOR = YES;
				GCC_WARN_UNINITIALIZED_AUTOS = YES_AGGRESSIVE;
				GCC_WARN_UNUSED_FUNCTION = YES;
				GCC_WARN_UNUSED_VARIABLE = YES;
				HEADER_SEARCH_PATHS = "$(ROOTSCR)/ft_printf/libft/";
				MACOSX_DEPLOYMENT_TARGET = 10.13;
				MTL_ENABLE_DEBUG_INFO = INCLUDE_SOURCE;
				MTL_FAST_MATH = YES;
				ONLY_ACTIVE_ARCH = YES;
				PATH = "$PATH:/Users/$USER/brew/bin";
				PATH_FISH = .brew/bin;
				SDKROOT = macosx;
			};
			name = Debug;
		};
		70AC90162219C057002B0507 /* Release */ = {
			isa = XCBuildConfiguration;
			buildSettings = {
				ALWAYS_SEARCH_USER_PATHS = NO;
				CLANG_ANALYZER_NONNULL = YES;
				CLANG_ANALYZER_NUMBER_OBJECT_CONVERSION = YES_AGGRESSIVE;
				CLANG_CXX_LANGUAGE_STANDARD = "gnu++14";
				CLANG_CXX_LIBRARY = "libc++";
				CLANG_ENABLE_MODULES = YES;
				CLANG_ENABLE_OBJC_ARC = YES;
				CLANG_ENABLE_OBJC_WEAK = YES;
				CLANG_WARN_BLOCK_CAPTURE_AUTORELEASING = YES;
				CLANG_WARN_BOOL_CONVERSION = YES;
				CLANG_WARN_COMMA = YES;
				CLANG_WARN_CONSTANT_CONVERSION = YES;
				CLANG_WARN_DEPRECATED_OBJC_IMPLEMENTATIONS = YES;
				CLANG_WARN_DIRECT_OBJC_ISA_USAGE = YES_ERROR;
				CLANG_WARN_DOCUMENTATION_COMMENTS = YES;
				CLANG_WARN_EMPTY_BODY = YES;
				CLANG_WARN_ENUM_CONVERSION = YES;
				CLANG_WARN_INFINITE_RECURSION = YES;
				CLANG_WARN_INT_CONVERSION = YES;
				CLANG_WARN_NON_LITERAL_NULL_CONVERSION = YES;
				CLANG_WARN_OBJC_IMPLICIT_RETAIN_SELF = YES;
				CLANG_WARN_OBJC_LITERAL_CONVERSION = YES;
				CLANG_WARN_OBJC_ROOT_CLASS = YES_ERROR;
				CLANG_WARN_RANGE_LOOP_ANALYSIS = YES;
				CLANG_WARN_STRICT_PROTOTYPES = YES;
				CLANG_WARN_SUSPICIOUS_MOVE = YES;
				CLANG_WARN_UNGUARDED_AVAILABILITY = YES_AGGRESSIVE;
				CLANG_WARN_UNREACHABLE_CODE = YES;
				CLANG_WARN__DUPLICATE_METHOD_MATCH = YES;
				CODE_SIGN_IDENTITY = "-";
				COPY_PHASE_STRIP = NO;
				DEBUG_INFORMATION_FORMAT = "dwarf-with-dsym";
				ENABLE_NS_ASSERTIONS = NO;
				ENABLE_STRICT_OBJC_MSGSEND = YES;
				GCC_C_LANGUAGE_STANDARD = gnu11;
				GCC_NO_COMMON_BLOCKS = YES;
				GCC_WARN_64_TO_32_BIT_CONVERSION = YES;
				GCC_WARN_ABOUT_RETURN_TYPE = YES_ERROR;
				GCC_WARN_UNDECLARED_SELECTOR = YES;
				GCC_WARN_UNINITIALIZED_AUTOS = YES_AGGRESSIVE;
				GCC_WARN_UNUSED_FUNCTION = YES;
				GCC_WARN_UNUSED_VARIABLE = YES;
				HEADER_SEARCH_PATHS = "$(ROOTSCR)/ft_printf/libft/";
				MACOSX_DEPLOYMENT_TARGET = 10.13;
				MTL_ENABLE_DEBUG_INFO = NO;
				MTL_FAST_MATH = YES;
				PATH = "$PATH:/Users/$USER/brew/bin";
				PATH_FISH = .brew/bin;
				SDKROOT = macosx;
			};
			name = Release;
		};
		70AC90182219C057002B0507 /* Debug */ = {
			isa = XCBuildConfiguration;
			buildSettings = {
				CODE_SIGN_STYLE = Automatic;
				HEADER_SEARCH_PATHS = "$(SRCROOT)/ft_printf/Source/libft/includes/";
				LIBRARY_SEARCH_PATHS = "$(SRCROOT)/ft_printf/Source/libft";
				MACOSX_DEPLOYMENT_TARGET = 10.12;
				PATH = "$PATH:/Users/$USER/brew/bin";
				PRODUCT_NAME = "$(TARGET_NAME)";
			};
			name = Debug;
		};
		70AC90192219C057002B0507 /* Release */ = {
			isa = XCBuildConfiguration;
			buildSettings = {
				CODE_SIGN_STYLE = Automatic;
				GCC_OPTIMIZATION_LEVEL = 0;
				HEADER_SEARCH_PATHS = "$(SRCROOT)/ft_printf/Source/libft/includes/";
				LIBRARY_SEARCH_PATHS = "$(SRCROOT)/ft_printf/Source/libft";
				MACOSX_DEPLOYMENT_TARGET = 10.12;
				PATH = "$PATH:/Users/$USER/brew/bin";
				PRODUCT_NAME = "$(TARGET_NAME)";
			};
			name = Release;
		};
		A304F13F2251303C0082CF3E /* Debug */ = {
			isa = XCBuildConfiguration;
			buildSettings = {
				CLANG_CXX_LANGUAGE_STANDARD = "gnu++0x";
				DEBUGGING_SYMBOLS = YES;
				DEBUG_INFORMATION_FORMAT = dwarf;
				GCC_C_LANGUAGE_STANDARD = gnu99;
				GCC_GENERATE_DEBUGGING_SYMBOLS = YES;
				GCC_OPTIMIZATION_LEVEL = 0;
				MACOSX_DEPLOYMENT_TARGET = 10.12;
				MTL_ENABLE_DEBUG_INFO = YES;
				OTHER_CFLAGS = "";
				OTHER_LDFLAGS = "";
				PRODUCT_NAME = "$(TARGET_NAME)";
			};
			name = Debug;
		};
		A304F1402251303C0082CF3E /* Release */ = {
			isa = XCBuildConfiguration;
			buildSettings = {
				CLANG_CXX_LANGUAGE_STANDARD = "gnu++0x";
				DEBUG_INFORMATION_FORMAT = "dwarf-with-dsym";
				GCC_C_LANGUAGE_STANDARD = gnu99;
				MACOSX_DEPLOYMENT_TARGET = 10.12;
				OTHER_CFLAGS = "";
				OTHER_LDFLAGS = "";
				PRODUCT_NAME = "$(TARGET_NAME)";
			};
			name = Release;
		};
/* End XCBuildConfiguration section */

/* Begin XCConfigurationList section */
		70AC900B2219C057002B0507 /* Build configuration list for PBXProject "ft_printf" */ = {
			isa = XCConfigurationList;
			buildConfigurations = (
				70AC90152219C057002B0507 /* Debug */,
				70AC90162219C057002B0507 /* Release */,
			);
			defaultConfigurationIsVisible = 0;
			defaultConfigurationName = Release;
		};
		70AC90172219C057002B0507 /* Build configuration list for PBXNativeTarget "ft_printf" */ = {
			isa = XCConfigurationList;
			buildConfigurations = (
				70AC90182219C057002B0507 /* Debug */,
				70AC90192219C057002B0507 /* Release */,
			);
			defaultConfigurationIsVisible = 0;
			defaultConfigurationName = Release;
		};
		A304F13E2251303C0082CF3E /* Build configuration list for PBXLegacyTarget "libft" */ = {
			isa = XCConfigurationList;
			buildConfigurations = (
				A304F13F2251303C0082CF3E /* Debug */,
				A304F1402251303C0082CF3E /* Release */,
			);
			defaultConfigurationIsVisible = 0;
			defaultConfigurationName = Release;
		};
/* End XCConfigurationList section */
	};
	rootObject = 70AC90082219C057002B0507 /* Project object */;
}
