// !$*UTF8*$!
{
	archiveVersion = 1;
	classes = {
	};
	objectVersion = 48;
	objects = {

/* Begin PBXBuildFile section */
		7008995D221A2509005EDD4D /* ft_printf_mod_l.c in Sources */ = {isa = PBXBuildFile; fileRef = 7008995C221A2509005EDD4D /* ft_printf_mod_l.c */; };
		70089960221A256C005EDD4D /* ft_printf_mod_ll.c in Sources */ = {isa = PBXBuildFile; fileRef = 7008995F221A256C005EDD4D /* ft_printf_mod_ll.c */; };
		70089963221A285C005EDD4D /* ft_printf_mod_xl.c in Sources */ = {isa = PBXBuildFile; fileRef = 70089962221A285C005EDD4D /* ft_printf_mod_xl.c */; };
		706A364D221A21260094DF00 /* ft_printf_mod_hh.c in Sources */ = {isa = PBXBuildFile; fileRef = 706A364C221A21260094DF00 /* ft_printf_mod_hh.c */; };
		706A3650221A23F20094DF00 /* ft_printf_mod_h.c in Sources */ = {isa = PBXBuildFile; fileRef = 706A364F221A23F20094DF00 /* ft_printf_mod_h.c */; };
		70AC90142219C057002B0507 /* main.c in Sources */ = {isa = PBXBuildFile; fileRef = 70AC90132219C057002B0507 /* main.c */; };
		70AC90212219C125002B0507 /* ft_printf.c in Sources */ = {isa = PBXBuildFile; fileRef = 70AC90202219C125002B0507 /* ft_printf.c */; };
		70AE736F222093BA00A7685B /* pf_fsm_start_state.c in Sources */ = {isa = PBXBuildFile; fileRef = 70AE736E222093BA00A7685B /* pf_fsm_start_state.c */; };
		70AE737222209B8700A7685B /* pf_fsm_end_state.c in Sources */ = {isa = PBXBuildFile; fileRef = 70AE737122209B8700A7685B /* pf_fsm_end_state.c */; };
		70AE737522209FF100A7685B /* pf_fsm_print_char_state.c in Sources */ = {isa = PBXBuildFile; fileRef = 70AE737422209FF100A7685B /* pf_fsm_print_char_state.c */; };
		70AE73782220A9B100A7685B /* pf_fsm_error_state.c in Sources */ = {isa = PBXBuildFile; fileRef = 70AE73772220A9B100A7685B /* pf_fsm_error_state.c */; };
		70AE737B2220B6EF00A7685B /* pf_fsm_conv_state.c in Sources */ = {isa = PBXBuildFile; fileRef = 70AE737A2220B6EF00A7685B /* pf_fsm_conv_state.c */; };
		70AE737E2220BA5200A7685B /* pf_fsm_init_state.c in Sources */ = {isa = PBXBuildFile; fileRef = 70AE737D2220BA5200A7685B /* pf_fsm_init_state.c */; };
		70DA3108221A074500CDEDA3 /* ft_striter.c in Sources */ = {isa = PBXBuildFile; fileRef = 70DA30B5221A074200CDEDA3 /* ft_striter.c */; };
		70DA3109221A074500CDEDA3 /* ft_isspace.c in Sources */ = {isa = PBXBuildFile; fileRef = 70DA30B6221A074200CDEDA3 /* ft_isspace.c */; };
		70DA310A221A074500CDEDA3 /* ft_lstmap.c in Sources */ = {isa = PBXBuildFile; fileRef = 70DA30B7221A074200CDEDA3 /* ft_lstmap.c */; };
		70DA310B221A074500CDEDA3 /* ft_strnstr.c in Sources */ = {isa = PBXBuildFile; fileRef = 70DA30B8221A074200CDEDA3 /* ft_strnstr.c */; };
		70DA310C221A074500CDEDA3 /* ft_striteri.c in Sources */ = {isa = PBXBuildFile; fileRef = 70DA30B9221A074200CDEDA3 /* ft_striteri.c */; };
		70DA310D221A074500CDEDA3 /* ft_putnbr_fd.c in Sources */ = {isa = PBXBuildFile; fileRef = 70DA30BA221A074200CDEDA3 /* ft_putnbr_fd.c */; };
		70DA310E221A074500CDEDA3 /* ft_strtrim.c in Sources */ = {isa = PBXBuildFile; fileRef = 70DA30BB221A074200CDEDA3 /* ft_strtrim.c */; };
		70DA310F221A074500CDEDA3 /* ft_memrcpy.c in Sources */ = {isa = PBXBuildFile; fileRef = 70DA30BC221A074200CDEDA3 /* ft_memrcpy.c */; };
		70DA3110221A074500CDEDA3 /* ft_strcat.c in Sources */ = {isa = PBXBuildFile; fileRef = 70DA30BD221A074200CDEDA3 /* ft_strcat.c */; };
		70DA3111221A074500CDEDA3 /* ft_strcpy.c in Sources */ = {isa = PBXBuildFile; fileRef = 70DA30BE221A074200CDEDA3 /* ft_strcpy.c */; };
		70DA3112221A074500CDEDA3 /* ft_lstiter.c in Sources */ = {isa = PBXBuildFile; fileRef = 70DA30BF221A074200CDEDA3 /* ft_lstiter.c */; };
		70DA3113221A074500CDEDA3 /* ft_putstr.c in Sources */ = {isa = PBXBuildFile; fileRef = 70DA30C0221A074200CDEDA3 /* ft_putstr.c */; };
		70DA3114221A074500CDEDA3 /* ft_lstfreeone.c in Sources */ = {isa = PBXBuildFile; fileRef = 70DA30C1221A074200CDEDA3 /* ft_lstfreeone.c */; };
		70DA3115221A074500CDEDA3 /* ft_isdigit.c in Sources */ = {isa = PBXBuildFile; fileRef = 70DA30C2221A074200CDEDA3 /* ft_isdigit.c */; };
		70DA3116221A074500CDEDA3 /* ft_memrchr.c in Sources */ = {isa = PBXBuildFile; fileRef = 70DA30C3221A074200CDEDA3 /* ft_memrchr.c */; };
		70DA3117221A074500CDEDA3 /* ft_strncat.c in Sources */ = {isa = PBXBuildFile; fileRef = 70DA30C4221A074200CDEDA3 /* ft_strncat.c */; };
		70DA3118221A074500CDEDA3 /* ft_lstadd.c in Sources */ = {isa = PBXBuildFile; fileRef = 70DA30C5221A074200CDEDA3 /* ft_lstadd.c */; };
		70DA3119221A074500CDEDA3 /* ft_memccmp.c in Sources */ = {isa = PBXBuildFile; fileRef = 70DA30C6221A074200CDEDA3 /* ft_memccmp.c */; };
		70DA311A221A074500CDEDA3 /* ft_strncpy.c in Sources */ = {isa = PBXBuildFile; fileRef = 70DA30C7221A074200CDEDA3 /* ft_strncpy.c */; };
		70DA311B221A074500CDEDA3 /* ft_putendl.c in Sources */ = {isa = PBXBuildFile; fileRef = 70DA30C8221A074200CDEDA3 /* ft_putendl.c */; };
		70DA311C221A074500CDEDA3 /* ft_strnew.c in Sources */ = {isa = PBXBuildFile; fileRef = 70DA30C9221A074200CDEDA3 /* ft_strnew.c */; };
		70DA311D221A074500CDEDA3 /* ft_memalloc.c in Sources */ = {isa = PBXBuildFile; fileRef = 70DA30CA221A074200CDEDA3 /* ft_memalloc.c */; };
		70DA311E221A074500CDEDA3 /* ft_dictadd.c in Sources */ = {isa = PBXBuildFile; fileRef = 70DA30CB221A074200CDEDA3 /* ft_dictadd.c */; };
		70DA311F221A074500CDEDA3 /* ft_isascii.c in Sources */ = {isa = PBXBuildFile; fileRef = 70DA30CC221A074200CDEDA3 /* ft_isascii.c */; };
		70DA3120221A074500CDEDA3 /* ft_strmap.c in Sources */ = {isa = PBXBuildFile; fileRef = 70DA30CD221A074200CDEDA3 /* ft_strmap.c */; };
		70DA3121221A074500CDEDA3 /* ft_strsplit.c in Sources */ = {isa = PBXBuildFile; fileRef = 70DA30CE221A074200CDEDA3 /* ft_strsplit.c */; };
		70DA3122221A074500CDEDA3 /* ft_toupper.c in Sources */ = {isa = PBXBuildFile; fileRef = 70DA30CF221A074200CDEDA3 /* ft_toupper.c */; };
		70DA3123221A074500CDEDA3 /* ft_strchr.c in Sources */ = {isa = PBXBuildFile; fileRef = 70DA30D0221A074200CDEDA3 /* ft_strchr.c */; };
		70DA3124221A074500CDEDA3 /* ft_isalpha.c in Sources */ = {isa = PBXBuildFile; fileRef = 70DA30D2221A074300CDEDA3 /* ft_isalpha.c */; };
		70DA3125221A074500CDEDA3 /* ft_strichr.c in Sources */ = {isa = PBXBuildFile; fileRef = 70DA30D3221A074300CDEDA3 /* ft_strichr.c */; };
		70DA3126221A074500CDEDA3 /* ft_lstdelone.c in Sources */ = {isa = PBXBuildFile; fileRef = 70DA30D4221A074300CDEDA3 /* ft_lstdelone.c */; };
		70DA3127221A074500CDEDA3 /* ft_isupper.c in Sources */ = {isa = PBXBuildFile; fileRef = 70DA30D5221A074300CDEDA3 /* ft_isupper.c */; };
		70DA3128221A074500CDEDA3 /* ft_strrchr.c in Sources */ = {isa = PBXBuildFile; fileRef = 70DA30D6221A074300CDEDA3 /* ft_strrchr.c */; };
		70DA3129221A074500CDEDA3 /* ft_memcpy.c in Sources */ = {isa = PBXBuildFile; fileRef = 70DA30D7221A074300CDEDA3 /* ft_memcpy.c */; };
		70DA312A221A074500CDEDA3 /* ft_strlcat.c in Sources */ = {isa = PBXBuildFile; fileRef = 70DA30D8221A074300CDEDA3 /* ft_strlcat.c */; };
		70DA312B221A074500CDEDA3 /* ft_strcmp.c in Sources */ = {isa = PBXBuildFile; fileRef = 70DA30D9221A074300CDEDA3 /* ft_strcmp.c */; };
		70DA312C221A074500CDEDA3 /* ft_strjoin.c in Sources */ = {isa = PBXBuildFile; fileRef = 70DA30DA221A074300CDEDA3 /* ft_strjoin.c */; };
		70DA312D221A074500CDEDA3 /* ft_strsub.c in Sources */ = {isa = PBXBuildFile; fileRef = 70DA30DB221A074300CDEDA3 /* ft_strsub.c */; };
		70DA312E221A074500CDEDA3 /* ft_putnbr.c in Sources */ = {isa = PBXBuildFile; fileRef = 70DA30DC221A074300CDEDA3 /* ft_putnbr.c */; };
		70DA312F221A074500CDEDA3 /* ft_memset.c in Sources */ = {isa = PBXBuildFile; fileRef = 70DA30DD221A074300CDEDA3 /* ft_memset.c */; };
		70DA3131221A074500CDEDA3 /* ft_bzero.c in Sources */ = {isa = PBXBuildFile; fileRef = 70DA30DF221A074300CDEDA3 /* ft_bzero.c */; };
		70DA3132221A074500CDEDA3 /* ft_atoi.c in Sources */ = {isa = PBXBuildFile; fileRef = 70DA30E0221A074300CDEDA3 /* ft_atoi.c */; };
		70DA3133221A074500CDEDA3 /* ft_memccpy.c in Sources */ = {isa = PBXBuildFile; fileRef = 70DA30E1221A074300CDEDA3 /* ft_memccpy.c */; };
		70DA3134221A074500CDEDA3 /* ft_strequ.c in Sources */ = {isa = PBXBuildFile; fileRef = 70DA30E2221A074300CDEDA3 /* ft_strequ.c */; };
		70DA3135221A074500CDEDA3 /* ft_dictremove.c in Sources */ = {isa = PBXBuildFile; fileRef = 70DA30E3221A074300CDEDA3 /* ft_dictremove.c */; };
		70DA3136221A074500CDEDA3 /* ft_strstr.c in Sources */ = {isa = PBXBuildFile; fileRef = 70DA30E4221A074300CDEDA3 /* ft_strstr.c */; };
		70DA3137221A074500CDEDA3 /* ft_putstr_fd.c in Sources */ = {isa = PBXBuildFile; fileRef = 70DA30E5221A074300CDEDA3 /* ft_putstr_fd.c */; };
		70DA3138221A074500CDEDA3 /* ft_strdup.c in Sources */ = {isa = PBXBuildFile; fileRef = 70DA30E6221A074300CDEDA3 /* ft_strdup.c */; };
		70DA3139221A074500CDEDA3 /* ft_strdel.c in Sources */ = {isa = PBXBuildFile; fileRef = 70DA30E7221A074400CDEDA3 /* ft_strdel.c */; };
		70DA313A221A074500CDEDA3 /* ft_strllen.c in Sources */ = {isa = PBXBuildFile; fileRef = 70DA30E8221A074400CDEDA3 /* ft_strllen.c */; };
		70DA313B221A074500CDEDA3 /* ft_strncmp.c in Sources */ = {isa = PBXBuildFile; fileRef = 70DA30E9221A074400CDEDA3 /* ft_strncmp.c */; };
		70DA313C221A074500CDEDA3 /* ft_lstnew.c in Sources */ = {isa = PBXBuildFile; fileRef = 70DA30EA221A074400CDEDA3 /* ft_lstnew.c */; };
		70DA313D221A074500CDEDA3 /* ft_strndup.c in Sources */ = {isa = PBXBuildFile; fileRef = 70DA30EC221A074400CDEDA3 /* ft_strndup.c */; };
		70DA313E221A074500CDEDA3 /* ft_strmapi.c in Sources */ = {isa = PBXBuildFile; fileRef = 70DA30ED221A074400CDEDA3 /* ft_strmapi.c */; };
		70DA313F221A074500CDEDA3 /* ft_memchr.c in Sources */ = {isa = PBXBuildFile; fileRef = 70DA30EE221A074400CDEDA3 /* ft_memchr.c */; };
		70DA3140221A074500CDEDA3 /* ft_isprint.c in Sources */ = {isa = PBXBuildFile; fileRef = 70DA30EF221A074400CDEDA3 /* ft_isprint.c */; };
		70DA3141221A074500CDEDA3 /* ft_itoa.c in Sources */ = {isa = PBXBuildFile; fileRef = 70DA30F0221A074400CDEDA3 /* ft_itoa.c */; };
		70DA3142221A074500CDEDA3 /* ft_dictfree.c in Sources */ = {isa = PBXBuildFile; fileRef = 70DA30F1221A074400CDEDA3 /* ft_dictfree.c */; };
		70DA3143221A074500CDEDA3 /* ft_lstdel.c in Sources */ = {isa = PBXBuildFile; fileRef = 70DA30F2221A074400CDEDA3 /* ft_lstdel.c */; };
		70DA3144221A074500CDEDA3 /* ft_dictget.c in Sources */ = {isa = PBXBuildFile; fileRef = 70DA30F3221A074400CDEDA3 /* ft_dictget.c */; };
		70DA3145221A074500CDEDA3 /* ft_memdup.c in Sources */ = {isa = PBXBuildFile; fileRef = 70DA30F4221A074400CDEDA3 /* ft_memdup.c */; };
		70DA3146221A074500CDEDA3 /* ft_strclen.c in Sources */ = {isa = PBXBuildFile; fileRef = 70DA30F5221A074400CDEDA3 /* ft_strclen.c */; };
		70DA3147221A074500CDEDA3 /* ft_memmove.c in Sources */ = {isa = PBXBuildFile; fileRef = 70DA30F6221A074400CDEDA3 /* ft_memmove.c */; };
		70DA3148221A074500CDEDA3 /* ft_dictnew.c in Sources */ = {isa = PBXBuildFile; fileRef = 70DA30F7221A074400CDEDA3 /* ft_dictnew.c */; };
		70DA3149221A074500CDEDA3 /* ft_tolower.c in Sources */ = {isa = PBXBuildFile; fileRef = 70DA30F8221A074500CDEDA3 /* ft_tolower.c */; };
		70DA314A221A074500CDEDA3 /* ft_strlen.c in Sources */ = {isa = PBXBuildFile; fileRef = 70DA30F9221A074500CDEDA3 /* ft_strlen.c */; };
		70DA314B221A074500CDEDA3 /* ft_log.c in Sources */ = {isa = PBXBuildFile; fileRef = 70DA30FA221A074500CDEDA3 /* ft_log.c */; };
		70DA314C221A074500CDEDA3 /* ft_putchar_fd.c in Sources */ = {isa = PBXBuildFile; fileRef = 70DA30FB221A074500CDEDA3 /* ft_putchar_fd.c */; };
		70DA314D221A074500CDEDA3 /* ft_isalnum.c in Sources */ = {isa = PBXBuildFile; fileRef = 70DA30FC221A074500CDEDA3 /* ft_isalnum.c */; };
		70DA314E221A074500CDEDA3 /* ft_putendl_fd.c in Sources */ = {isa = PBXBuildFile; fileRef = 70DA30FD221A074500CDEDA3 /* ft_putendl_fd.c */; };
		70DA314F221A074500CDEDA3 /* ft_memcmp.c in Sources */ = {isa = PBXBuildFile; fileRef = 70DA30FE221A074500CDEDA3 /* ft_memcmp.c */; };
		70DA3150221A074500CDEDA3 /* ft_strclr.c in Sources */ = {isa = PBXBuildFile; fileRef = 70DA30FF221A074500CDEDA3 /* ft_strclr.c */; };
		70DA3151221A074500CDEDA3 /* ft_putchar.c in Sources */ = {isa = PBXBuildFile; fileRef = 70DA3100221A074500CDEDA3 /* ft_putchar.c */; };
		70DA3152221A074500CDEDA3 /* ft_strnequ.c in Sources */ = {isa = PBXBuildFile; fileRef = 70DA3101221A074500CDEDA3 /* ft_strnequ.c */; };
		70DA3153221A074500CDEDA3 /* ft_strrepl.c in Sources */ = {isa = PBXBuildFile; fileRef = 70DA3102221A074500CDEDA3 /* ft_strrepl.c */; };
		70DA3154221A074500CDEDA3 /* ft_islower.c in Sources */ = {isa = PBXBuildFile; fileRef = 70DA3103221A074500CDEDA3 /* ft_islower.c */; };
		70DA3155221A074500CDEDA3 /* ft_memichr.c in Sources */ = {isa = PBXBuildFile; fileRef = 70DA3104221A074500CDEDA3 /* ft_memichr.c */; };
		70DA3156221A074500CDEDA3 /* ft_memdel.c in Sources */ = {isa = PBXBuildFile; fileRef = 70DA3105221A074500CDEDA3 /* ft_memdel.c */; };
		70DA3157221A074500CDEDA3 /* ft_strctrim.c in Sources */ = {isa = PBXBuildFile; fileRef = 70DA3106221A074500CDEDA3 /* ft_strctrim.c */; };
		70DA3158221A074500CDEDA3 /* ft_itoa_base.c in Sources */ = {isa = PBXBuildFile; fileRef = 70DA3107221A074500CDEDA3 /* ft_itoa_base.c */; };
/* End PBXBuildFile section */

/* Begin PBXCopyFilesBuildPhase section */
		70AC900E2219C057002B0507 /* CopyFiles */ = {
			isa = PBXCopyFilesBuildPhase;
			buildActionMask = 2147483647;
			dstPath = /usr/share/man/man1/;
			dstSubfolderSpec = 0;
			files = (
			);
			runOnlyForDeploymentPostprocessing = 1;
		};
/* End PBXCopyFilesBuildPhase section */

/* Begin PBXFileReference section */
		7008995B221A2509005EDD4D /* ft_printf_mod_l.h */ = {isa = PBXFileReference; lastKnownFileType = sourcecode.c.h; path = ft_printf_mod_l.h; sourceTree = "<group>"; };
		7008995C221A2509005EDD4D /* ft_printf_mod_l.c */ = {isa = PBXFileReference; lastKnownFileType = sourcecode.c.c; path = ft_printf_mod_l.c; sourceTree = "<group>"; };
		7008995E221A256C005EDD4D /* ft_printf_mod_ll.h */ = {isa = PBXFileReference; lastKnownFileType = sourcecode.c.h; path = ft_printf_mod_ll.h; sourceTree = "<group>"; };
		7008995F221A256C005EDD4D /* ft_printf_mod_ll.c */ = {isa = PBXFileReference; lastKnownFileType = sourcecode.c.c; path = ft_printf_mod_ll.c; sourceTree = "<group>"; };
		70089961221A285C005EDD4D /* ft_printf_mod_xl.h */ = {isa = PBXFileReference; lastKnownFileType = sourcecode.c.h; path = ft_printf_mod_xl.h; sourceTree = "<group>"; };
		70089962221A285C005EDD4D /* ft_printf_mod_xl.c */ = {isa = PBXFileReference; lastKnownFileType = sourcecode.c.c; path = ft_printf_mod_xl.c; sourceTree = "<group>"; };
		70089964221A2E69005EDD4D /* ft_printf_parse_conv.h */ = {isa = PBXFileReference; lastKnownFileType = sourcecode.c.h; path = ft_printf_parse_conv.h; sourceTree = "<group>"; };
		70089965221A2E69005EDD4D /* ft_printf_parse_conv.c */ = {isa = PBXFileReference; lastKnownFileType = sourcecode.c.c; path = ft_printf_parse_conv.c; sourceTree = "<group>"; };
		70089967221A33FD005EDD4D /* ft_printf_parse_mod.h */ = {isa = PBXFileReference; lastKnownFileType = sourcecode.c.h; path = ft_printf_parse_mod.h; sourceTree = "<group>"; };
		70089968221A33FD005EDD4D /* ft_printf_parse_mod.c */ = {isa = PBXFileReference; lastKnownFileType = sourcecode.c.c; path = ft_printf_parse_mod.c; sourceTree = "<group>"; };
		706A364B221A21260094DF00 /* ft_printf_mod_hh.h */ = {isa = PBXFileReference; lastKnownFileType = sourcecode.c.h; path = ft_printf_mod_hh.h; sourceTree = "<group>"; };
		706A364C221A21260094DF00 /* ft_printf_mod_hh.c */ = {isa = PBXFileReference; lastKnownFileType = sourcecode.c.c; path = ft_printf_mod_hh.c; sourceTree = "<group>"; };
		706A364E221A23F20094DF00 /* ft_printf_mod_h.h */ = {isa = PBXFileReference; lastKnownFileType = sourcecode.c.h; path = ft_printf_mod_h.h; sourceTree = "<group>"; };
		706A364F221A23F20094DF00 /* ft_printf_mod_h.c */ = {isa = PBXFileReference; lastKnownFileType = sourcecode.c.c; path = ft_printf_mod_h.c; sourceTree = "<group>"; };
		70AC90102219C057002B0507 /* ft_printf */ = {isa = PBXFileReference; explicitFileType = "compiled.mach-o.executable"; includeInIndex = 0; path = ft_printf; sourceTree = BUILT_PRODUCTS_DIR; };
		70AC90132219C057002B0507 /* main.c */ = {isa = PBXFileReference; lastKnownFileType = sourcecode.c.c; path = main.c; sourceTree = "<group>"; };
		70AC901F2219C125002B0507 /* ft_printf.h */ = {isa = PBXFileReference; lastKnownFileType = sourcecode.c.h; path = ft_printf.h; sourceTree = "<group>"; };
		70AC90202219C125002B0507 /* ft_printf.c */ = {isa = PBXFileReference; lastKnownFileType = sourcecode.c.c; path = ft_printf.c; sourceTree = "<group>"; };
		70AC90222219D80F002B0507 /* ft_printf_types.h */ = {isa = PBXFileReference; lastKnownFileType = sourcecode.c.h; path = ft_printf_types.h; sourceTree = "<group>"; };
		70AE736D222093BA00A7685B /* pf_fsm_start_state.h */ = {isa = PBXFileReference; lastKnownFileType = sourcecode.c.h; path = pf_fsm_start_state.h; sourceTree = "<group>"; };
		70AE736E222093BA00A7685B /* pf_fsm_start_state.c */ = {isa = PBXFileReference; lastKnownFileType = sourcecode.c.c; path = pf_fsm_start_state.c; sourceTree = "<group>"; };
		70AE737022209B8700A7685B /* pf_fsm_end_state.h */ = {isa = PBXFileReference; lastKnownFileType = sourcecode.c.h; path = pf_fsm_end_state.h; sourceTree = "<group>"; };
		70AE737122209B8700A7685B /* pf_fsm_end_state.c */ = {isa = PBXFileReference; lastKnownFileType = sourcecode.c.c; path = pf_fsm_end_state.c; sourceTree = "<group>"; };
		70AE737322209FF100A7685B /* pf_fsm_print_char_state.h */ = {isa = PBXFileReference; lastKnownFileType = sourcecode.c.h; path = pf_fsm_print_char_state.h; sourceTree = "<group>"; };
		70AE737422209FF100A7685B /* pf_fsm_print_char_state.c */ = {isa = PBXFileReference; lastKnownFileType = sourcecode.c.c; path = pf_fsm_print_char_state.c; sourceTree = "<group>"; };
		70AE73762220A9B100A7685B /* pf_fsm_error_state.h */ = {isa = PBXFileReference; lastKnownFileType = sourcecode.c.h; path = pf_fsm_error_state.h; sourceTree = "<group>"; };
		70AE73772220A9B100A7685B /* pf_fsm_error_state.c */ = {isa = PBXFileReference; lastKnownFileType = sourcecode.c.c; path = pf_fsm_error_state.c; sourceTree = "<group>"; };
		70AE73792220B6EF00A7685B /* pf_fsm_conv_state.h */ = {isa = PBXFileReference; lastKnownFileType = sourcecode.c.h; path = pf_fsm_conv_state.h; sourceTree = "<group>"; };
		70AE737A2220B6EF00A7685B /* pf_fsm_conv_state.c */ = {isa = PBXFileReference; lastKnownFileType = sourcecode.c.c; path = pf_fsm_conv_state.c; sourceTree = "<group>"; };
		70AE737C2220BA5200A7685B /* pf_fsm_init_state.h */ = {isa = PBXFileReference; lastKnownFileType = sourcecode.c.h; path = pf_fsm_init_state.h; sourceTree = "<group>"; };
		70AE737D2220BA5200A7685B /* pf_fsm_init_state.c */ = {isa = PBXFileReference; lastKnownFileType = sourcecode.c.c; path = pf_fsm_init_state.c; sourceTree = "<group>"; };
		70DA30AA2219E23100CDEDA3 /* ft_printf_private.h */ = {isa = PBXFileReference; lastKnownFileType = sourcecode.c.h; path = ft_printf_private.h; sourceTree = "<group>"; };
		70DA30B0221A017F00CDEDA3 /* ft_printf_parse_format.h */ = {isa = PBXFileReference; lastKnownFileType = sourcecode.c.h; path = ft_printf_parse_format.h; sourceTree = "<group>"; };
		70DA30B1221A017F00CDEDA3 /* ft_printf_parse_format.c */ = {isa = PBXFileReference; lastKnownFileType = sourcecode.c.c; path = ft_printf_parse_format.c; sourceTree = "<group>"; };
		70DA30B5221A074200CDEDA3 /* ft_striter.c */ = {isa = PBXFileReference; fileEncoding = 4; lastKnownFileType = sourcecode.c.c; path = ft_striter.c; sourceTree = "<group>"; };
		70DA30B6221A074200CDEDA3 /* ft_isspace.c */ = {isa = PBXFileReference; fileEncoding = 4; lastKnownFileType = sourcecode.c.c; path = ft_isspace.c; sourceTree = "<group>"; };
		70DA30B7221A074200CDEDA3 /* ft_lstmap.c */ = {isa = PBXFileReference; fileEncoding = 4; lastKnownFileType = sourcecode.c.c; path = ft_lstmap.c; sourceTree = "<group>"; };
		70DA30B8221A074200CDEDA3 /* ft_strnstr.c */ = {isa = PBXFileReference; fileEncoding = 4; lastKnownFileType = sourcecode.c.c; path = ft_strnstr.c; sourceTree = "<group>"; };
		70DA30B9221A074200CDEDA3 /* ft_striteri.c */ = {isa = PBXFileReference; fileEncoding = 4; lastKnownFileType = sourcecode.c.c; path = ft_striteri.c; sourceTree = "<group>"; };
		70DA30BA221A074200CDEDA3 /* ft_putnbr_fd.c */ = {isa = PBXFileReference; fileEncoding = 4; lastKnownFileType = sourcecode.c.c; path = ft_putnbr_fd.c; sourceTree = "<group>"; };
		70DA30BB221A074200CDEDA3 /* ft_strtrim.c */ = {isa = PBXFileReference; fileEncoding = 4; lastKnownFileType = sourcecode.c.c; path = ft_strtrim.c; sourceTree = "<group>"; };
		70DA30BC221A074200CDEDA3 /* ft_memrcpy.c */ = {isa = PBXFileReference; fileEncoding = 4; lastKnownFileType = sourcecode.c.c; path = ft_memrcpy.c; sourceTree = "<group>"; };
		70DA30BD221A074200CDEDA3 /* ft_strcat.c */ = {isa = PBXFileReference; fileEncoding = 4; lastKnownFileType = sourcecode.c.c; path = ft_strcat.c; sourceTree = "<group>"; };
		70DA30BE221A074200CDEDA3 /* ft_strcpy.c */ = {isa = PBXFileReference; fileEncoding = 4; lastKnownFileType = sourcecode.c.c; path = ft_strcpy.c; sourceTree = "<group>"; };
		70DA30BF221A074200CDEDA3 /* ft_lstiter.c */ = {isa = PBXFileReference; fileEncoding = 4; lastKnownFileType = sourcecode.c.c; path = ft_lstiter.c; sourceTree = "<group>"; };
		70DA30C0221A074200CDEDA3 /* ft_putstr.c */ = {isa = PBXFileReference; fileEncoding = 4; lastKnownFileType = sourcecode.c.c; path = ft_putstr.c; sourceTree = "<group>"; };
		70DA30C1221A074200CDEDA3 /* ft_lstfreeone.c */ = {isa = PBXFileReference; fileEncoding = 4; lastKnownFileType = sourcecode.c.c; path = ft_lstfreeone.c; sourceTree = "<group>"; };
		70DA30C2221A074200CDEDA3 /* ft_isdigit.c */ = {isa = PBXFileReference; fileEncoding = 4; lastKnownFileType = sourcecode.c.c; path = ft_isdigit.c; sourceTree = "<group>"; };
		70DA30C3221A074200CDEDA3 /* ft_memrchr.c */ = {isa = PBXFileReference; fileEncoding = 4; lastKnownFileType = sourcecode.c.c; path = ft_memrchr.c; sourceTree = "<group>"; };
		70DA30C4221A074200CDEDA3 /* ft_strncat.c */ = {isa = PBXFileReference; fileEncoding = 4; lastKnownFileType = sourcecode.c.c; path = ft_strncat.c; sourceTree = "<group>"; };
		70DA30C5221A074200CDEDA3 /* ft_lstadd.c */ = {isa = PBXFileReference; fileEncoding = 4; lastKnownFileType = sourcecode.c.c; path = ft_lstadd.c; sourceTree = "<group>"; };
		70DA30C6221A074200CDEDA3 /* ft_memccmp.c */ = {isa = PBXFileReference; fileEncoding = 4; lastKnownFileType = sourcecode.c.c; path = ft_memccmp.c; sourceTree = "<group>"; };
		70DA30C7221A074200CDEDA3 /* ft_strncpy.c */ = {isa = PBXFileReference; fileEncoding = 4; lastKnownFileType = sourcecode.c.c; path = ft_strncpy.c; sourceTree = "<group>"; };
		70DA30C8221A074200CDEDA3 /* ft_putendl.c */ = {isa = PBXFileReference; fileEncoding = 4; lastKnownFileType = sourcecode.c.c; path = ft_putendl.c; sourceTree = "<group>"; };
		70DA30C9221A074200CDEDA3 /* ft_strnew.c */ = {isa = PBXFileReference; fileEncoding = 4; lastKnownFileType = sourcecode.c.c; path = ft_strnew.c; sourceTree = "<group>"; };
		70DA30CA221A074200CDEDA3 /* ft_memalloc.c */ = {isa = PBXFileReference; fileEncoding = 4; lastKnownFileType = sourcecode.c.c; path = ft_memalloc.c; sourceTree = "<group>"; };
		70DA30CB221A074200CDEDA3 /* ft_dictadd.c */ = {isa = PBXFileReference; fileEncoding = 4; lastKnownFileType = sourcecode.c.c; path = ft_dictadd.c; sourceTree = "<group>"; };
		70DA30CC221A074200CDEDA3 /* ft_isascii.c */ = {isa = PBXFileReference; fileEncoding = 4; lastKnownFileType = sourcecode.c.c; path = ft_isascii.c; sourceTree = "<group>"; };
		70DA30CD221A074200CDEDA3 /* ft_strmap.c */ = {isa = PBXFileReference; fileEncoding = 4; lastKnownFileType = sourcecode.c.c; path = ft_strmap.c; sourceTree = "<group>"; };
		70DA30CE221A074200CDEDA3 /* ft_strsplit.c */ = {isa = PBXFileReference; fileEncoding = 4; lastKnownFileType = sourcecode.c.c; path = ft_strsplit.c; sourceTree = "<group>"; };
		70DA30CF221A074200CDEDA3 /* ft_toupper.c */ = {isa = PBXFileReference; fileEncoding = 4; lastKnownFileType = sourcecode.c.c; path = ft_toupper.c; sourceTree = "<group>"; };
		70DA30D0221A074200CDEDA3 /* ft_strchr.c */ = {isa = PBXFileReference; fileEncoding = 4; lastKnownFileType = sourcecode.c.c; path = ft_strchr.c; sourceTree = "<group>"; };
		70DA30D1221A074200CDEDA3 /* libft.h */ = {isa = PBXFileReference; fileEncoding = 4; lastKnownFileType = sourcecode.c.h; path = libft.h; sourceTree = "<group>"; };
		70DA30D2221A074300CDEDA3 /* ft_isalpha.c */ = {isa = PBXFileReference; fileEncoding = 4; lastKnownFileType = sourcecode.c.c; path = ft_isalpha.c; sourceTree = "<group>"; };
		70DA30D3221A074300CDEDA3 /* ft_strichr.c */ = {isa = PBXFileReference; fileEncoding = 4; lastKnownFileType = sourcecode.c.c; path = ft_strichr.c; sourceTree = "<group>"; };
		70DA30D4221A074300CDEDA3 /* ft_lstdelone.c */ = {isa = PBXFileReference; fileEncoding = 4; lastKnownFileType = sourcecode.c.c; path = ft_lstdelone.c; sourceTree = "<group>"; };
		70DA30D5221A074300CDEDA3 /* ft_isupper.c */ = {isa = PBXFileReference; fileEncoding = 4; lastKnownFileType = sourcecode.c.c; path = ft_isupper.c; sourceTree = "<group>"; };
		70DA30D6221A074300CDEDA3 /* ft_strrchr.c */ = {isa = PBXFileReference; fileEncoding = 4; lastKnownFileType = sourcecode.c.c; path = ft_strrchr.c; sourceTree = "<group>"; };
		70DA30D7221A074300CDEDA3 /* ft_memcpy.c */ = {isa = PBXFileReference; fileEncoding = 4; lastKnownFileType = sourcecode.c.c; path = ft_memcpy.c; sourceTree = "<group>"; };
		70DA30D8221A074300CDEDA3 /* ft_strlcat.c */ = {isa = PBXFileReference; fileEncoding = 4; lastKnownFileType = sourcecode.c.c; path = ft_strlcat.c; sourceTree = "<group>"; };
		70DA30D9221A074300CDEDA3 /* ft_strcmp.c */ = {isa = PBXFileReference; fileEncoding = 4; lastKnownFileType = sourcecode.c.c; path = ft_strcmp.c; sourceTree = "<group>"; };
		70DA30DA221A074300CDEDA3 /* ft_strjoin.c */ = {isa = PBXFileReference; fileEncoding = 4; lastKnownFileType = sourcecode.c.c; path = ft_strjoin.c; sourceTree = "<group>"; };
		70DA30DB221A074300CDEDA3 /* ft_strsub.c */ = {isa = PBXFileReference; fileEncoding = 4; lastKnownFileType = sourcecode.c.c; path = ft_strsub.c; sourceTree = "<group>"; };
		70DA30DC221A074300CDEDA3 /* ft_putnbr.c */ = {isa = PBXFileReference; fileEncoding = 4; lastKnownFileType = sourcecode.c.c; path = ft_putnbr.c; sourceTree = "<group>"; };
		70DA30DD221A074300CDEDA3 /* ft_memset.c */ = {isa = PBXFileReference; fileEncoding = 4; lastKnownFileType = sourcecode.c.c; path = ft_memset.c; sourceTree = "<group>"; };
		70DA30DE221A074300CDEDA3 /* Makefile */ = {isa = PBXFileReference; fileEncoding = 4; lastKnownFileType = sourcecode.make; path = Makefile; sourceTree = "<group>"; };
		70DA30DF221A074300CDEDA3 /* ft_bzero.c */ = {isa = PBXFileReference; fileEncoding = 4; lastKnownFileType = sourcecode.c.c; path = ft_bzero.c; sourceTree = "<group>"; };
		70DA30E0221A074300CDEDA3 /* ft_atoi.c */ = {isa = PBXFileReference; fileEncoding = 4; lastKnownFileType = sourcecode.c.c; path = ft_atoi.c; sourceTree = "<group>"; };
		70DA30E1221A074300CDEDA3 /* ft_memccpy.c */ = {isa = PBXFileReference; fileEncoding = 4; lastKnownFileType = sourcecode.c.c; path = ft_memccpy.c; sourceTree = "<group>"; };
		70DA30E2221A074300CDEDA3 /* ft_strequ.c */ = {isa = PBXFileReference; fileEncoding = 4; lastKnownFileType = sourcecode.c.c; path = ft_strequ.c; sourceTree = "<group>"; };
		70DA30E3221A074300CDEDA3 /* ft_dictremove.c */ = {isa = PBXFileReference; fileEncoding = 4; lastKnownFileType = sourcecode.c.c; path = ft_dictremove.c; sourceTree = "<group>"; };
		70DA30E4221A074300CDEDA3 /* ft_strstr.c */ = {isa = PBXFileReference; fileEncoding = 4; lastKnownFileType = sourcecode.c.c; path = ft_strstr.c; sourceTree = "<group>"; };
		70DA30E5221A074300CDEDA3 /* ft_putstr_fd.c */ = {isa = PBXFileReference; fileEncoding = 4; lastKnownFileType = sourcecode.c.c; path = ft_putstr_fd.c; sourceTree = "<group>"; };
		70DA30E6221A074300CDEDA3 /* ft_strdup.c */ = {isa = PBXFileReference; fileEncoding = 4; lastKnownFileType = sourcecode.c.c; path = ft_strdup.c; sourceTree = "<group>"; };
		70DA30E7221A074400CDEDA3 /* ft_strdel.c */ = {isa = PBXFileReference; fileEncoding = 4; lastKnownFileType = sourcecode.c.c; path = ft_strdel.c; sourceTree = "<group>"; };
		70DA30E8221A074400CDEDA3 /* ft_strllen.c */ = {isa = PBXFileReference; fileEncoding = 4; lastKnownFileType = sourcecode.c.c; path = ft_strllen.c; sourceTree = "<group>"; };
		70DA30E9221A074400CDEDA3 /* ft_strncmp.c */ = {isa = PBXFileReference; fileEncoding = 4; lastKnownFileType = sourcecode.c.c; path = ft_strncmp.c; sourceTree = "<group>"; };
		70DA30EA221A074400CDEDA3 /* ft_lstnew.c */ = {isa = PBXFileReference; fileEncoding = 4; lastKnownFileType = sourcecode.c.c; path = ft_lstnew.c; sourceTree = "<group>"; };
		70DA30EB221A074400CDEDA3 /* author */ = {isa = PBXFileReference; fileEncoding = 4; lastKnownFileType = text; path = author; sourceTree = "<group>"; };
		70DA30EC221A074400CDEDA3 /* ft_strndup.c */ = {isa = PBXFileReference; fileEncoding = 4; lastKnownFileType = sourcecode.c.c; path = ft_strndup.c; sourceTree = "<group>"; };
		70DA30ED221A074400CDEDA3 /* ft_strmapi.c */ = {isa = PBXFileReference; fileEncoding = 4; lastKnownFileType = sourcecode.c.c; path = ft_strmapi.c; sourceTree = "<group>"; };
		70DA30EE221A074400CDEDA3 /* ft_memchr.c */ = {isa = PBXFileReference; fileEncoding = 4; lastKnownFileType = sourcecode.c.c; path = ft_memchr.c; sourceTree = "<group>"; };
		70DA30EF221A074400CDEDA3 /* ft_isprint.c */ = {isa = PBXFileReference; fileEncoding = 4; lastKnownFileType = sourcecode.c.c; path = ft_isprint.c; sourceTree = "<group>"; };
		70DA30F0221A074400CDEDA3 /* ft_itoa.c */ = {isa = PBXFileReference; fileEncoding = 4; lastKnownFileType = sourcecode.c.c; path = ft_itoa.c; sourceTree = "<group>"; };
		70DA30F1221A074400CDEDA3 /* ft_dictfree.c */ = {isa = PBXFileReference; fileEncoding = 4; lastKnownFileType = sourcecode.c.c; path = ft_dictfree.c; sourceTree = "<group>"; };
		70DA30F2221A074400CDEDA3 /* ft_lstdel.c */ = {isa = PBXFileReference; fileEncoding = 4; lastKnownFileType = sourcecode.c.c; path = ft_lstdel.c; sourceTree = "<group>"; };
		70DA30F3221A074400CDEDA3 /* ft_dictget.c */ = {isa = PBXFileReference; fileEncoding = 4; lastKnownFileType = sourcecode.c.c; path = ft_dictget.c; sourceTree = "<group>"; };
		70DA30F4221A074400CDEDA3 /* ft_memdup.c */ = {isa = PBXFileReference; fileEncoding = 4; lastKnownFileType = sourcecode.c.c; path = ft_memdup.c; sourceTree = "<group>"; };
		70DA30F5221A074400CDEDA3 /* ft_strclen.c */ = {isa = PBXFileReference; fileEncoding = 4; lastKnownFileType = sourcecode.c.c; path = ft_strclen.c; sourceTree = "<group>"; };
		70DA30F6221A074400CDEDA3 /* ft_memmove.c */ = {isa = PBXFileReference; fileEncoding = 4; lastKnownFileType = sourcecode.c.c; path = ft_memmove.c; sourceTree = "<group>"; };
		70DA30F7221A074400CDEDA3 /* ft_dictnew.c */ = {isa = PBXFileReference; fileEncoding = 4; lastKnownFileType = sourcecode.c.c; path = ft_dictnew.c; sourceTree = "<group>"; };
		70DA30F8221A074500CDEDA3 /* ft_tolower.c */ = {isa = PBXFileReference; fileEncoding = 4; lastKnownFileType = sourcecode.c.c; path = ft_tolower.c; sourceTree = "<group>"; };
		70DA30F9221A074500CDEDA3 /* ft_strlen.c */ = {isa = PBXFileReference; fileEncoding = 4; lastKnownFileType = sourcecode.c.c; path = ft_strlen.c; sourceTree = "<group>"; };
		70DA30FA221A074500CDEDA3 /* ft_log.c */ = {isa = PBXFileReference; fileEncoding = 4; lastKnownFileType = sourcecode.c.c; path = ft_log.c; sourceTree = "<group>"; };
		70DA30FB221A074500CDEDA3 /* ft_putchar_fd.c */ = {isa = PBXFileReference; fileEncoding = 4; lastKnownFileType = sourcecode.c.c; path = ft_putchar_fd.c; sourceTree = "<group>"; };
		70DA30FC221A074500CDEDA3 /* ft_isalnum.c */ = {isa = PBXFileReference; fileEncoding = 4; lastKnownFileType = sourcecode.c.c; path = ft_isalnum.c; sourceTree = "<group>"; };
		70DA30FD221A074500CDEDA3 /* ft_putendl_fd.c */ = {isa = PBXFileReference; fileEncoding = 4; lastKnownFileType = sourcecode.c.c; path = ft_putendl_fd.c; sourceTree = "<group>"; };
		70DA30FE221A074500CDEDA3 /* ft_memcmp.c */ = {isa = PBXFileReference; fileEncoding = 4; lastKnownFileType = sourcecode.c.c; path = ft_memcmp.c; sourceTree = "<group>"; };
		70DA30FF221A074500CDEDA3 /* ft_strclr.c */ = {isa = PBXFileReference; fileEncoding = 4; lastKnownFileType = sourcecode.c.c; path = ft_strclr.c; sourceTree = "<group>"; };
		70DA3100221A074500CDEDA3 /* ft_putchar.c */ = {isa = PBXFileReference; fileEncoding = 4; lastKnownFileType = sourcecode.c.c; path = ft_putchar.c; sourceTree = "<group>"; };
		70DA3101221A074500CDEDA3 /* ft_strnequ.c */ = {isa = PBXFileReference; fileEncoding = 4; lastKnownFileType = sourcecode.c.c; path = ft_strnequ.c; sourceTree = "<group>"; };
		70DA3102221A074500CDEDA3 /* ft_strrepl.c */ = {isa = PBXFileReference; fileEncoding = 4; lastKnownFileType = sourcecode.c.c; path = ft_strrepl.c; sourceTree = "<group>"; };
		70DA3103221A074500CDEDA3 /* ft_islower.c */ = {isa = PBXFileReference; fileEncoding = 4; lastKnownFileType = sourcecode.c.c; path = ft_islower.c; sourceTree = "<group>"; };
		70DA3104221A074500CDEDA3 /* ft_memichr.c */ = {isa = PBXFileReference; fileEncoding = 4; lastKnownFileType = sourcecode.c.c; path = ft_memichr.c; sourceTree = "<group>"; };
		70DA3105221A074500CDEDA3 /* ft_memdel.c */ = {isa = PBXFileReference; fileEncoding = 4; lastKnownFileType = sourcecode.c.c; path = ft_memdel.c; sourceTree = "<group>"; };
		70DA3106221A074500CDEDA3 /* ft_strctrim.c */ = {isa = PBXFileReference; fileEncoding = 4; lastKnownFileType = sourcecode.c.c; path = ft_strctrim.c; sourceTree = "<group>"; };
		70DA3107221A074500CDEDA3 /* ft_itoa_base.c */ = {isa = PBXFileReference; fileEncoding = 4; lastKnownFileType = sourcecode.c.c; path = ft_itoa_base.c; sourceTree = "<group>"; };
/* End PBXFileReference section */

/* Begin PBXFrameworksBuildPhase section */
		70AC900D2219C057002B0507 /* Frameworks */ = {
			isa = PBXFrameworksBuildPhase;
			buildActionMask = 2147483647;
			files = (
			);
			runOnlyForDeploymentPostprocessing = 0;
		};
/* End PBXFrameworksBuildPhase section */

/* Begin PBXGroup section */
		70AC90072219C057002B0507 = {
			isa = PBXGroup;
			children = (
				70AC90122219C057002B0507 /* ft_printf */,
				70AC90112219C057002B0507 /* Products */,
			);
			sourceTree = "<group>";
		};
		70AC90112219C057002B0507 /* Products */ = {
			isa = PBXGroup;
			children = (
				70AC90102219C057002B0507 /* ft_printf */,
			);
			name = Products;
			sourceTree = "<group>";
		};
		70AC90122219C057002B0507 /* ft_printf */ = {
			isa = PBXGroup;
			children = (
				70AC90132219C057002B0507 /* main.c */,
				70AC901E2219C117002B0507 /* Source */,
			);
			path = ft_printf;
			sourceTree = "<group>";
		};
		70AC901E2219C117002B0507 /* Source */ = {
			isa = PBXGroup;
			children = (
				70DA30B4221A072400CDEDA3 /* libft */,
				70AE736C2220932A00A7685B /* FSM */,
				70AC90222219D80F002B0507 /* ft_printf_types.h */,
				70DA30AA2219E23100CDEDA3 /* ft_printf_private.h */,
				70AC901F2219C125002B0507 /* ft_printf.h */,
				70AC90202219C125002B0507 /* ft_printf.c */,
				70DA30B0221A017F00CDEDA3 /* ft_printf_parse_format.h */,
				70DA30B1221A017F00CDEDA3 /* ft_printf_parse_format.c */,
				70089964221A2E69005EDD4D /* ft_printf_parse_conv.h */,
				70089965221A2E69005EDD4D /* ft_printf_parse_conv.c */,
				70089967221A33FD005EDD4D /* ft_printf_parse_mod.h */,
				70089968221A33FD005EDD4D /* ft_printf_parse_mod.c */,
				706A364B221A21260094DF00 /* ft_printf_mod_hh.h */,
				706A364C221A21260094DF00 /* ft_printf_mod_hh.c */,
				706A364E221A23F20094DF00 /* ft_printf_mod_h.h */,
				706A364F221A23F20094DF00 /* ft_printf_mod_h.c */,
				7008995E221A256C005EDD4D /* ft_printf_mod_ll.h */,
				7008995F221A256C005EDD4D /* ft_printf_mod_ll.c */,
				7008995B221A2509005EDD4D /* ft_printf_mod_l.h */,
				7008995C221A2509005EDD4D /* ft_printf_mod_l.c */,
				70089961221A285C005EDD4D /* ft_printf_mod_xl.h */,
				70089962221A285C005EDD4D /* ft_printf_mod_xl.c */,
			);
			path = Source;
			sourceTree = "<group>";
		};
		70AE736C2220932A00A7685B /* FSM */ = {
			isa = PBXGroup;
			children = (
				70AE736D222093BA00A7685B /* pf_fsm_start_state.h */,
				70AE736E222093BA00A7685B /* pf_fsm_start_state.c */,
				70AE737322209FF100A7685B /* pf_fsm_print_char_state.h */,
				70AE737422209FF100A7685B /* pf_fsm_print_char_state.c */,
				70AE73792220B6EF00A7685B /* pf_fsm_conv_state.h */,
				70AE737A2220B6EF00A7685B /* pf_fsm_conv_state.c */,
				70AE737C2220BA5200A7685B /* pf_fsm_init_state.h */,
				70AE737D2220BA5200A7685B /* pf_fsm_init_state.c */,
				70AE737022209B8700A7685B /* pf_fsm_end_state.h */,
				70AE737122209B8700A7685B /* pf_fsm_end_state.c */,
				70AE73762220A9B100A7685B /* pf_fsm_error_state.h */,
				70AE73772220A9B100A7685B /* pf_fsm_error_state.c */,
			);
			name = FSM;
			sourceTree = "<group>";
		};
		70DA30B4221A072400CDEDA3 /* libft */ = {
			isa = PBXGroup;
			children = (
				70DA30EB221A074400CDEDA3 /* author */,
				70DA30E0221A074300CDEDA3 /* ft_atoi.c */,
				70DA30DF221A074300CDEDA3 /* ft_bzero.c */,
				70DA30CB221A074200CDEDA3 /* ft_dictadd.c */,
				70DA30F1221A074400CDEDA3 /* ft_dictfree.c */,
				70DA30F3221A074400CDEDA3 /* ft_dictget.c */,
				70DA30F7221A074400CDEDA3 /* ft_dictnew.c */,
				70DA30E3221A074300CDEDA3 /* ft_dictremove.c */,
				70DA30FC221A074500CDEDA3 /* ft_isalnum.c */,
				70DA30D2221A074300CDEDA3 /* ft_isalpha.c */,
				70DA30CC221A074200CDEDA3 /* ft_isascii.c */,
				70DA30C2221A074200CDEDA3 /* ft_isdigit.c */,
				70DA3103221A074500CDEDA3 /* ft_islower.c */,
				70DA30EF221A074400CDEDA3 /* ft_isprint.c */,
				70DA30B6221A074200CDEDA3 /* ft_isspace.c */,
				70DA30D5221A074300CDEDA3 /* ft_isupper.c */,
				70DA3107221A074500CDEDA3 /* ft_itoa_base.c */,
				70DA30F0221A074400CDEDA3 /* ft_itoa.c */,
				70DA30FA221A074500CDEDA3 /* ft_log.c */,
				70DA30C5221A074200CDEDA3 /* ft_lstadd.c */,
				70DA30F2221A074400CDEDA3 /* ft_lstdel.c */,
				70DA30D4221A074300CDEDA3 /* ft_lstdelone.c */,
				70DA30C1221A074200CDEDA3 /* ft_lstfreeone.c */,
				70DA30BF221A074200CDEDA3 /* ft_lstiter.c */,
				70DA30B7221A074200CDEDA3 /* ft_lstmap.c */,
				70DA30EA221A074400CDEDA3 /* ft_lstnew.c */,
				70DA30CA221A074200CDEDA3 /* ft_memalloc.c */,
				70DA30C6221A074200CDEDA3 /* ft_memccmp.c */,
				70DA30E1221A074300CDEDA3 /* ft_memccpy.c */,
				70DA30EE221A074400CDEDA3 /* ft_memchr.c */,
				70DA30FE221A074500CDEDA3 /* ft_memcmp.c */,
				70DA30D7221A074300CDEDA3 /* ft_memcpy.c */,
				70DA3105221A074500CDEDA3 /* ft_memdel.c */,
				70DA30F4221A074400CDEDA3 /* ft_memdup.c */,
				70DA3104221A074500CDEDA3 /* ft_memichr.c */,
				70DA30F6221A074400CDEDA3 /* ft_memmove.c */,
				70DA30C3221A074200CDEDA3 /* ft_memrchr.c */,
				70DA30BC221A074200CDEDA3 /* ft_memrcpy.c */,
				70DA30DD221A074300CDEDA3 /* ft_memset.c */,
				70DA30FB221A074500CDEDA3 /* ft_putchar_fd.c */,
				70DA3100221A074500CDEDA3 /* ft_putchar.c */,
				70DA30FD221A074500CDEDA3 /* ft_putendl_fd.c */,
				70DA30C8221A074200CDEDA3 /* ft_putendl.c */,
				70DA30BA221A074200CDEDA3 /* ft_putnbr_fd.c */,
				70DA30DC221A074300CDEDA3 /* ft_putnbr.c */,
				70DA30E5221A074300CDEDA3 /* ft_putstr_fd.c */,
				70DA30C0221A074200CDEDA3 /* ft_putstr.c */,
				70DA30BD221A074200CDEDA3 /* ft_strcat.c */,
				70DA30D0221A074200CDEDA3 /* ft_strchr.c */,
				70DA30F5221A074400CDEDA3 /* ft_strclen.c */,
				70DA30FF221A074500CDEDA3 /* ft_strclr.c */,
				70DA30D9221A074300CDEDA3 /* ft_strcmp.c */,
				70DA30BE221A074200CDEDA3 /* ft_strcpy.c */,
				70DA3106221A074500CDEDA3 /* ft_strctrim.c */,
				70DA30E7221A074400CDEDA3 /* ft_strdel.c */,
				70DA30E6221A074300CDEDA3 /* ft_strdup.c */,
				70DA30E2221A074300CDEDA3 /* ft_strequ.c */,
				70DA30D3221A074300CDEDA3 /* ft_strichr.c */,
				70DA30B5221A074200CDEDA3 /* ft_striter.c */,
				70DA30B9221A074200CDEDA3 /* ft_striteri.c */,
				70DA30DA221A074300CDEDA3 /* ft_strjoin.c */,
				70DA30D8221A074300CDEDA3 /* ft_strlcat.c */,
				70DA30F9221A074500CDEDA3 /* ft_strlen.c */,
				70DA30E8221A074400CDEDA3 /* ft_strllen.c */,
				70DA30CD221A074200CDEDA3 /* ft_strmap.c */,
				70DA30ED221A074400CDEDA3 /* ft_strmapi.c */,
				70DA30C4221A074200CDEDA3 /* ft_strncat.c */,
				70DA30E9221A074400CDEDA3 /* ft_strncmp.c */,
				70DA30C7221A074200CDEDA3 /* ft_strncpy.c */,
				70DA30EC221A074400CDEDA3 /* ft_strndup.c */,
				70DA3101221A074500CDEDA3 /* ft_strnequ.c */,
				70DA30C9221A074200CDEDA3 /* ft_strnew.c */,
				70DA30B8221A074200CDEDA3 /* ft_strnstr.c */,
				70DA30D6221A074300CDEDA3 /* ft_strrchr.c */,
				70DA3102221A074500CDEDA3 /* ft_strrepl.c */,
				70DA30CE221A074200CDEDA3 /* ft_strsplit.c */,
				70DA30E4221A074300CDEDA3 /* ft_strstr.c */,
				70DA30DB221A074300CDEDA3 /* ft_strsub.c */,
				70DA30BB221A074200CDEDA3 /* ft_strtrim.c */,
				70DA30F8221A074500CDEDA3 /* ft_tolower.c */,
				70DA30CF221A074200CDEDA3 /* ft_toupper.c */,
				70DA30D1221A074200CDEDA3 /* libft.h */,
				70DA30DE221A074300CDEDA3 /* Makefile */,
			);
			path = libft;
			sourceTree = "<group>";
		};
/* End PBXGroup section */

/* Begin PBXNativeTarget section */
		70AC900F2219C057002B0507 /* ft_printf */ = {
			isa = PBXNativeTarget;
			buildConfigurationList = 70AC90172219C057002B0507 /* Build configuration list for PBXNativeTarget "ft_printf" */;
			buildPhases = (
				70AC900C2219C057002B0507 /* Sources */,
				70AC900D2219C057002B0507 /* Frameworks */,
				70AC900E2219C057002B0507 /* CopyFiles */,
			);
			buildRules = (
			);
			dependencies = (
			);
			name = ft_printf;
			productName = ft_printf;
			productReference = 70AC90102219C057002B0507 /* ft_printf */;
			productType = "com.apple.product-type.tool";
		};
/* End PBXNativeTarget section */

/* Begin PBXProject section */
		70AC90082219C057002B0507 /* Project object */ = {
			isa = PBXProject;
			attributes = {
				LastUpgradeCheck = 1010;
				ORGANIZATIONNAME = "Floris Fredrikze";
				TargetAttributes = {
					70AC900F2219C057002B0507 = {
						CreatedOnToolsVersion = 10.1;
						ProvisioningStyle = Automatic;
					};
				};
			};
			buildConfigurationList = 70AC900B2219C057002B0507 /* Build configuration list for PBXProject "ft_printf" */;
			compatibilityVersion = "Xcode 8.0";
			developmentRegion = en;
			hasScannedForEncodings = 0;
			knownRegions = (
				en,
			);
			mainGroup = 70AC90072219C057002B0507;
			productRefGroup = 70AC90112219C057002B0507 /* Products */;
			projectDirPath = "";
			projectRoot = "";
			targets = (
				70AC900F2219C057002B0507 /* ft_printf */,
			);
		};
/* End PBXProject section */

/* Begin PBXSourcesBuildPhase section */
		70AC900C2219C057002B0507 /* Sources */ = {
			isa = PBXSourcesBuildPhase;
			buildActionMask = 2147483647;
			files = (
				70AC90212219C125002B0507 /* ft_printf.c in Sources */,
				70DA3157221A074500CDEDA3 /* ft_strctrim.c in Sources */,
				70DA314A221A074500CDEDA3 /* ft_strlen.c in Sources */,
				70AC90142219C057002B0507 /* main.c in Sources */,
				70DA311E221A074500CDEDA3 /* ft_dictadd.c in Sources */,
				70DA311C221A074500CDEDA3 /* ft_strnew.c in Sources */,
				70DA3138221A074500CDEDA3 /* ft_strdup.c in Sources */,
				70DA312C221A074500CDEDA3 /* ft_strjoin.c in Sources */,
				70DA314C221A074500CDEDA3 /* ft_putchar_fd.c in Sources */,
				70DA314E221A074500CDEDA3 /* ft_putendl_fd.c in Sources */,
				70DA310E221A074500CDEDA3 /* ft_strtrim.c in Sources */,
				70DA313C221A074500CDEDA3 /* ft_lstnew.c in Sources */,
				70DA312A221A074500CDEDA3 /* ft_strlcat.c in Sources */,
				70DA3148221A074500CDEDA3 /* ft_dictnew.c in Sources */,
				70DA3154221A074500CDEDA3 /* ft_islower.c in Sources */,
				70DA313B221A074500CDEDA3 /* ft_strncmp.c in Sources */,
				70DA3115221A074500CDEDA3 /* ft_isdigit.c in Sources */,
				70DA3119221A074500CDEDA3 /* ft_memccmp.c in Sources */,
				70DA3149221A074500CDEDA3 /* ft_tolower.c in Sources */,
				70DA3124221A074500CDEDA3 /* ft_isalpha.c in Sources */,
				70DA3120221A074500CDEDA3 /* ft_strmap.c in Sources */,
				70DA3113221A074500CDEDA3 /* ft_putstr.c in Sources */,
				70DA311B221A074500CDEDA3 /* ft_putendl.c in Sources */,
				70DA314F221A074500CDEDA3 /* ft_memcmp.c in Sources */,
				70DA313F221A074500CDEDA3 /* ft_memchr.c in Sources */,
				70DA3139221A074500CDEDA3 /* ft_strdel.c in Sources */,
				70DA3140221A074500CDEDA3 /* ft_isprint.c in Sources */,
				70DA3126221A074500CDEDA3 /* ft_lstdelone.c in Sources */,
				70DA3122221A074500CDEDA3 /* ft_toupper.c in Sources */,
				70DA3118221A074500CDEDA3 /* ft_lstadd.c in Sources */,
				70DA310B221A074500CDEDA3 /* ft_strnstr.c in Sources */,
				70AE73782220A9B100A7685B /* pf_fsm_error_state.c in Sources */,
				7008995D221A2509005EDD4D /* ft_printf_mod_l.c in Sources */,
				70AE737E2220BA5200A7685B /* pf_fsm_init_state.c in Sources */,
				70DA3123221A074500CDEDA3 /* ft_strchr.c in Sources */,
				70DA3136221A074500CDEDA3 /* ft_strstr.c in Sources */,
				70DA3114221A074500CDEDA3 /* ft_lstfreeone.c in Sources */,
				70DA3151221A074500CDEDA3 /* ft_putchar.c in Sources */,
				706A364D221A21260094DF00 /* ft_printf_mod_hh.c in Sources */,
				70DA314B221A074500CDEDA3 /* ft_log.c in Sources */,
				70DA313E221A074500CDEDA3 /* ft_strmapi.c in Sources */,
				70DA3116221A074500CDEDA3 /* ft_memrchr.c in Sources */,
				70DA3145221A074500CDEDA3 /* ft_memdup.c in Sources */,
				70DA3146221A074500CDEDA3 /* ft_strclen.c in Sources */,
				70DA3109221A074500CDEDA3 /* ft_isspace.c in Sources */,
				70DA3131221A074500CDEDA3 /* ft_bzero.c in Sources */,
				70DA3132221A074500CDEDA3 /* ft_atoi.c in Sources */,
				70DA314D221A074500CDEDA3 /* ft_isalnum.c in Sources */,
				70089963221A285C005EDD4D /* ft_printf_mod_xl.c in Sources */,
				70DA3141221A074500CDEDA3 /* ft_itoa.c in Sources */,
				70DA3112221A074500CDEDA3 /* ft_lstiter.c in Sources */,
				70DA3158221A074500CDEDA3 /* ft_itoa_base.c in Sources */,
				70DA313A221A074500CDEDA3 /* ft_strllen.c in Sources */,
				70DA3129221A074500CDEDA3 /* ft_memcpy.c in Sources */,
				70DA312B221A074500CDEDA3 /* ft_strcmp.c in Sources */,
				70DA3135221A074500CDEDA3 /* ft_dictremove.c in Sources */,
				70DA3121221A074500CDEDA3 /* ft_strsplit.c in Sources */,
				70AE736F222093BA00A7685B /* pf_fsm_start_state.c in Sources */,
				70DA312E221A074500CDEDA3 /* ft_putnbr.c in Sources */,
				70DA311A221A074500CDEDA3 /* ft_strncpy.c in Sources */,
				70DA3133221A074500CDEDA3 /* ft_memccpy.c in Sources */,
				70DA313D221A074500CDEDA3 /* ft_strndup.c in Sources */,
				70DA3125221A074500CDEDA3 /* ft_strichr.c in Sources */,
				70DA3134221A074500CDEDA3 /* ft_strequ.c in Sources */,
				70DA3137221A074500CDEDA3 /* ft_putstr_fd.c in Sources */,
				70DA310D221A074500CDEDA3 /* ft_putnbr_fd.c in Sources */,
				70DA3127221A074500CDEDA3 /* ft_isupper.c in Sources */,
				70DA3128221A074500CDEDA3 /* ft_strrchr.c in Sources */,
				70AE737222209B8700A7685B /* pf_fsm_end_state.c in Sources */,
				70DA310A221A074500CDEDA3 /* ft_lstmap.c in Sources */,
				70DA3152221A074500CDEDA3 /* ft_strnequ.c in Sources */,
				70DA311D221A074500CDEDA3 /* ft_memalloc.c in Sources */,
				70DA3150221A074500CDEDA3 /* ft_strclr.c in Sources */,
				70DA312D221A074500CDEDA3 /* ft_strsub.c in Sources */,
				70DA3110221A074500CDEDA3 /* ft_strcat.c in Sources */,
				70DA310C221A074500CDEDA3 /* ft_striteri.c in Sources */,
				70DA3156221A074500CDEDA3 /* ft_memdel.c in Sources */,
				70DA3144221A074500CDEDA3 /* ft_dictget.c in Sources */,
				70DA311F221A074500CDEDA3 /* ft_isascii.c in Sources */,
				70DA3143221A074500CDEDA3 /* ft_lstdel.c in Sources */,
				70089960221A256C005EDD4D /* ft_printf_mod_ll.c in Sources */,
				70AE737B2220B6EF00A7685B /* pf_fsm_conv_state.c in Sources */,
				70DA3108221A074500CDEDA3 /* ft_striter.c in Sources */,
				70DA3147221A074500CDEDA3 /* ft_memmove.c in Sources */,
				706A3650221A23F20094DF00 /* ft_printf_mod_h.c in Sources */,
				70DA312F221A074500CDEDA3 /* ft_memset.c in Sources */,
				70DA3111221A074500CDEDA3 /* ft_strcpy.c in Sources */,
				70AE737522209FF100A7685B /* pf_fsm_print_char_state.c in Sources */,
				70DA3155221A074500CDEDA3 /* ft_memichr.c in Sources */,
				70DA310F221A074500CDEDA3 /* ft_memrcpy.c in Sources */,
				70DA3142221A074500CDEDA3 /* ft_dictfree.c in Sources */,
				70DA3153221A074500CDEDA3 /* ft_strrepl.c in Sources */,
				70DA3117221A074500CDEDA3 /* ft_strncat.c in Sources */,
			);
			runOnlyForDeploymentPostprocessing = 0;
		};
/* End PBXSourcesBuildPhase section */

/* Begin XCBuildConfiguration section */
		70AC90152219C057002B0507 /* Debug */ = {
			isa = XCBuildConfiguration;
			buildSettings = {
				ALWAYS_SEARCH_USER_PATHS = NO;
				CLANG_ANALYZER_NONNULL = YES;
				CLANG_ANALYZER_NUMBER_OBJECT_CONVERSION = YES_AGGRESSIVE;
				CLANG_CXX_LANGUAGE_STANDARD = "gnu++14";
				CLANG_CXX_LIBRARY = "libc++";
				CLANG_ENABLE_MODULES = YES;
				CLANG_ENABLE_OBJC_ARC = YES;
				CLANG_ENABLE_OBJC_WEAK = YES;
				CLANG_WARN_BLOCK_CAPTURE_AUTORELEASING = YES;
				CLANG_WARN_BOOL_CONVERSION = YES;
				CLANG_WARN_COMMA = YES;
				CLANG_WARN_CONSTANT_CONVERSION = YES;
				CLANG_WARN_DEPRECATED_OBJC_IMPLEMENTATIONS = YES;
				CLANG_WARN_DIRECT_OBJC_ISA_USAGE = YES_ERROR;
				CLANG_WARN_DOCUMENTATION_COMMENTS = YES;
				CLANG_WARN_EMPTY_BODY = YES;
				CLANG_WARN_ENUM_CONVERSION = YES;
				CLANG_WARN_INFINITE_RECURSION = YES;
				CLANG_WARN_INT_CONVERSION = YES;
				CLANG_WARN_NON_LITERAL_NULL_CONVERSION = YES;
				CLANG_WARN_OBJC_IMPLICIT_RETAIN_SELF = YES;
				CLANG_WARN_OBJC_LITERAL_CONVERSION = YES;
				CLANG_WARN_OBJC_ROOT_CLASS = YES_ERROR;
				CLANG_WARN_RANGE_LOOP_ANALYSIS = YES;
				CLANG_WARN_STRICT_PROTOTYPES = YES;
				CLANG_WARN_SUSPICIOUS_MOVE = YES;
				CLANG_WARN_UNGUARDED_AVAILABILITY = YES_AGGRESSIVE;
				CLANG_WARN_UNREACHABLE_CODE = YES;
				CLANG_WARN__DUPLICATE_METHOD_MATCH = YES;
				CODE_SIGN_IDENTITY = "-";
				COPY_PHASE_STRIP = NO;
				DEBUG_INFORMATION_FORMAT = dwarf;
				ENABLE_STRICT_OBJC_MSGSEND = YES;
				ENABLE_TESTABILITY = YES;
				GCC_C_LANGUAGE_STANDARD = gnu11;
				GCC_DYNAMIC_NO_PIC = NO;
				GCC_NO_COMMON_BLOCKS = YES;
				GCC_OPTIMIZATION_LEVEL = 0;
				GCC_PREPROCESSOR_DEFINITIONS = (
					"DEBUG=1",
					"$(inherited)",
				);
				GCC_WARN_64_TO_32_BIT_CONVERSION = YES;
				GCC_WARN_ABOUT_RETURN_TYPE = YES_ERROR;
				GCC_WARN_UNDECLARED_SELECTOR = YES;
				GCC_WARN_UNINITIALIZED_AUTOS = YES_AGGRESSIVE;
				GCC_WARN_UNUSED_FUNCTION = YES;
				GCC_WARN_UNUSED_VARIABLE = YES;
				HEADER_SEARCH_PATHS = "$(ROOTSCR)/ft_printf/libft";
				MACOSX_DEPLOYMENT_TARGET = 10.13;
				MTL_ENABLE_DEBUG_INFO = INCLUDE_SOURCE;
				MTL_FAST_MATH = YES;
				ONLY_ACTIVE_ARCH = YES;
				SDKROOT = macosx;
			};
			name = Debug;
		};
		70AC90162219C057002B0507 /* Release */ = {
			isa = XCBuildConfiguration;
			buildSettings = {
				ALWAYS_SEARCH_USER_PATHS = NO;
				CLANG_ANALYZER_NONNULL = YES;
				CLANG_ANALYZER_NUMBER_OBJECT_CONVERSION = YES_AGGRESSIVE;
				CLANG_CXX_LANGUAGE_STANDARD = "gnu++14";
				CLANG_CXX_LIBRARY = "libc++";
				CLANG_ENABLE_MODULES = YES;
				CLANG_ENABLE_OBJC_ARC = YES;
				CLANG_ENABLE_OBJC_WEAK = YES;
				CLANG_WARN_BLOCK_CAPTURE_AUTORELEASING = YES;
				CLANG_WARN_BOOL_CONVERSION = YES;
				CLANG_WARN_COMMA = YES;
				CLANG_WARN_CONSTANT_CONVERSION = YES;
				CLANG_WARN_DEPRECATED_OBJC_IMPLEMENTATIONS = YES;
				CLANG_WARN_DIRECT_OBJC_ISA_USAGE = YES_ERROR;
				CLANG_WARN_DOCUMENTATION_COMMENTS = YES;
				CLANG_WARN_EMPTY_BODY = YES;
				CLANG_WARN_ENUM_CONVERSION = YES;
				CLANG_WARN_INFINITE_RECURSION = YES;
				CLANG_WARN_INT_CONVERSION = YES;
				CLANG_WARN_NON_LITERAL_NULL_CONVERSION = YES;
				CLANG_WARN_OBJC_IMPLICIT_RETAIN_SELF = YES;
				CLANG_WARN_OBJC_LITERAL_CONVERSION = YES;
				CLANG_WARN_OBJC_ROOT_CLASS = YES_ERROR;
				CLANG_WARN_RANGE_LOOP_ANALYSIS = YES;
				CLANG_WARN_STRICT_PROTOTYPES = YES;
				CLANG_WARN_SUSPICIOUS_MOVE = YES;
				CLANG_WARN_UNGUARDED_AVAILABILITY = YES_AGGRESSIVE;
				CLANG_WARN_UNREACHABLE_CODE = YES;
				CLANG_WARN__DUPLICATE_METHOD_MATCH = YES;
				CODE_SIGN_IDENTITY = "-";
				COPY_PHASE_STRIP = NO;
				DEBUG_INFORMATION_FORMAT = "dwarf-with-dsym";
				ENABLE_NS_ASSERTIONS = NO;
				ENABLE_STRICT_OBJC_MSGSEND = YES;
				GCC_C_LANGUAGE_STANDARD = gnu11;
				GCC_NO_COMMON_BLOCKS = YES;
				GCC_WARN_64_TO_32_BIT_CONVERSION = YES;
				GCC_WARN_ABOUT_RETURN_TYPE = YES_ERROR;
				GCC_WARN_UNDECLARED_SELECTOR = YES;
				GCC_WARN_UNINITIALIZED_AUTOS = YES_AGGRESSIVE;
				GCC_WARN_UNUSED_FUNCTION = YES;
				GCC_WARN_UNUSED_VARIABLE = YES;
				HEADER_SEARCH_PATHS = "$(ROOTSCR)/ft_printf/libft";
				MACOSX_DEPLOYMENT_TARGET = 10.13;
				MTL_ENABLE_DEBUG_INFO = NO;
				MTL_FAST_MATH = YES;
				SDKROOT = macosx;
			};
			name = Release;
		};
		70AC90182219C057002B0507 /* Debug */ = {
			isa = XCBuildConfiguration;
			buildSettings = {
				CODE_SIGN_STYLE = Automatic;
				PRODUCT_NAME = "$(TARGET_NAME)";
			};
			name = Debug;
		};
		70AC90192219C057002B0507 /* Release */ = {
			isa = XCBuildConfiguration;
			buildSettings = {
				CODE_SIGN_STYLE = Automatic;
				PRODUCT_NAME = "$(TARGET_NAME)";
			};
			name = Release;
		};
/* End XCBuildConfiguration section */

/* Begin XCConfigurationList section */
		70AC900B2219C057002B0507 /* Build configuration list for PBXProject "ft_printf" */ = {
			isa = XCConfigurationList;
			buildConfigurations = (
				70AC90152219C057002B0507 /* Debug */,
				70AC90162219C057002B0507 /* Release */,
			);
			defaultConfigurationIsVisible = 0;
			defaultConfigurationName = Release;
		};
		70AC90172219C057002B0507 /* Build configuration list for PBXNativeTarget "ft_printf" */ = {
			isa = XCConfigurationList;
			buildConfigurations = (
				70AC90182219C057002B0507 /* Debug */,
				70AC90192219C057002B0507 /* Release */,
			);
			defaultConfigurationIsVisible = 0;
			defaultConfigurationName = Release;
		};
/* End XCConfigurationList section */
	};
	rootObject = 70AC90082219C057002B0507 /* Project object */;
}
